
Microsoft Visual Studio Solution File, Format Version 12.00
# Visual Studio Version 16
VisualStudioVersion = 16.0.29728.190
MinimumVisualStudioVersion = 10.0.40219.1
Project("{FAE04EC0-301F-11D3-BF4B-00C04F79EFBC}") = "ExtensionMethods", "ExtensionMethods\ExtensionMethods.csproj", "{923BD165-52BB-4C76-8899-54EB9CA583B8}"
EndProject
Global
	GlobalSection(SolutionConfigurationPlatforms) = preSolution
		Debug|Any CPU = Debug|Any CPU
		Release|Any CPU = Release|Any CPU
	EndGlobalSection
	GlobalSection(ProjectConfigurationPlatforms) = postSolution
		{923BD165-52BB-4C76-8899-54EB9CA583B8}.Debug|Any CPU.ActiveCfg = Debug|Any CPU
		{923BD165-52BB-4C76-8899-54EB9CA583B8}.Debug|Any CPU.Build.0 = Debug|Any CPU
		{923BD165-52BB-4C76-8899-54EB9CA583B8}.Release|Any CPU.ActiveCfg = Release|Any CPU
		{923BD165-52BB-4C76-8899-54EB9CA583B8}.Release|Any CPU.Build.0 = Release|Any CPU
	EndGlobalSection
	GlobalSection(SolutionProperties) = preSolution
		HideSolutionNode = FALSE
	EndGlobalSection
	GlobalSection(ExtensibilityGlobals) = postSolution
		SolutionGuid = {EC83D9BF-9FAE-4FDE-AA1A-67DAA51977A9}
	EndGlobalSection
EndGlobal
