
Microsoft Visual Studio Solution File, Format Version 12.00
# Visual Studio Version 16
VisualStudioVersion = 16.0.29905.134
MinimumVisualStudioVersion = 10.0.40219.1
Project("{FAE04EC0-301F-11D3-BF4B-00C04F79EFBC}") = "AddWithThreads", "AddWithThreads\AddWithThreads.csproj", "{979568E2-0696-49EB-A60E-B59643084D13}"
EndProject
Global
	GlobalSection(SolutionConfigurationPlatforms) = preSolution
		Debug|Any CPU = Debug|Any CPU
		Release|Any CPU = Release|Any CPU
	EndGlobalSection
	GlobalSection(ProjectConfigurationPlatforms) = postSolution
		{979568E2-0696-49EB-A60E-B59643084D13}.Debug|Any CPU.ActiveCfg = Debug|Any CPU
		{979568E2-0696-49EB-A60E-B59643084D13}.Debug|Any CPU.Build.0 = Debug|Any CPU
		{979568E2-0696-49EB-A60E-B59643084D13}.Release|Any CPU.ActiveCfg = Release|Any CPU
		{979568E2-0696-49EB-A60E-B59643084D13}.Release|Any CPU.Build.0 = Release|Any CPU
	EndGlobalSection
	GlobalSection(SolutionProperties) = preSolution
		HideSolutionNode = FALSE
	EndGlobalSection
	GlobalSection(ExtensibilityGlobals) = postSolution
		SolutionGuid = {A425EEE3-09B0-47B3-836A-022988E456E3}
	EndGlobalSection
EndGlobal
