
Microsoft Visual Studio Solution File, Format Version 12.00
# Visual Studio Version 16
VisualStudioVersion = 16.0.29319.158
MinimumVisualStudioVersion = 15.0.26124.0
Project("{9A19103F-16F7-4668-BE54-9A1E7A4F7556}") = "Calc.Cs", "calc.cs\Calc.Cs.csproj", "{070E822E-81A3-4844-8F68-240EACDD297A}"
EndProject
Project("{6EC3EE1D-3C4E-46DD-8F32-0CC8E7565705}") = "Calc.Fs", "calc.fs\Calc.Fs.fsproj", "{9CC684CB-87DD-4AF8-8EF6-BF6A6D135A6D}"
EndProject
Project("{778DAE3C-4631-46EA-AA77-85C1314464D9}") = "Calc.vb", "Calc.vb\Calc.vb.vbproj", "{9643D2BD-5A4C-4727-918E-9CF9D1FBEC2C}"
EndProject
Project("{9A19103F-16F7-4668-BE54-9A1E7A4F7556}") = "ConsoleApp1", "ConsoleApp1\ConsoleApp1.csproj", "{21C442EE-5B23-4170-A7A9-CF9CB91D6FAA}"
EndProject
Project("{9A19103F-16F7-4668-BE54-9A1E7A4F7556}") = "Sandbox", "Sandbox\Sandbox.csproj", "{75587B17-9954-4F21-9F16-E82199F391B8}"
EndProject
Project("{FAE04EC0-301F-11D3-BF4B-00C04F79EFBC}") = "WpfApp1", "WpfApp1\WpfApp1.csproj", "{5497B293-7052-4BAB-A280-F6F8C68D29BE}"
EndProject
Project("{FAE04EC0-301F-11D3-BF4B-00C04F79EFBC}") = "WindowsFormsApp1", "WindowsFormsApp1\WindowsFormsApp1.csproj", "{CCC171F2-917D-4D96-A84D-E13641CDD0F3}"
EndProject
Project("{FAE04EC0-301F-11D3-BF4B-00C04F79EFBC}") = "WebApplication1", "WebApplication1\WebApplication1.csproj", "{B26E630D-CAC4-4DF0-9663-52F3B598B830}"
EndProject
Project("{FAE04EC0-301F-11D3-BF4B-00C04F79EFBC}") = "WebApplication2", "WebApplication2\WebApplication2.csproj", "{5F20717A-4540-4825-BE2D-C55BE5D06BE8}"
EndProject
Global
	GlobalSection(SolutionConfigurationPlatforms) = preSolution
		Debug|Any CPU = Debug|Any CPU
		Debug|x64 = Debug|x64
		Debug|x86 = Debug|x86
		Release|Any CPU = Release|Any CPU
		Release|x64 = Release|x64
		Release|x86 = Release|x86
	EndGlobalSection
	GlobalSection(ProjectConfigurationPlatforms) = postSolution
		{070E822E-81A3-4844-8F68-240EACDD297A}.Debug|Any CPU.ActiveCfg = Debug|Any CPU
		{070E822E-81A3-4844-8F68-240EACDD297A}.Debug|Any CPU.Build.0 = Debug|Any CPU
		{070E822E-81A3-4844-8F68-240EACDD297A}.Debug|x64.ActiveCfg = Debug|Any CPU
		{070E822E-81A3-4844-8F68-240EACDD297A}.Debug|x64.Build.0 = Debug|Any CPU
		{070E822E-81A3-4844-8F68-240EACDD297A}.Debug|x86.ActiveCfg = Debug|Any CPU
		{070E822E-81A3-4844-8F68-240EACDD297A}.Debug|x86.Build.0 = Debug|Any CPU
		{070E822E-81A3-4844-8F68-240EACDD297A}.Release|Any CPU.ActiveCfg = Release|Any CPU
		{070E822E-81A3-4844-8F68-240EACDD297A}.Release|Any CPU.Build.0 = Release|Any CPU
		{070E822E-81A3-4844-8F68-240EACDD297A}.Release|x64.ActiveCfg = Release|Any CPU
		{070E822E-81A3-4844-8F68-240EACDD297A}.Release|x64.Build.0 = Release|Any CPU
		{070E822E-81A3-4844-8F68-240EACDD297A}.Release|x86.ActiveCfg = Release|Any CPU
		{070E822E-81A3-4844-8F68-240EACDD297A}.Release|x86.Build.0 = Release|Any CPU
		{9CC684CB-87DD-4AF8-8EF6-BF6A6D135A6D}.Debug|Any CPU.ActiveCfg = Debug|Any CPU
		{9CC684CB-87DD-4AF8-8EF6-BF6A6D135A6D}.Debug|Any CPU.Build.0 = Debug|Any CPU
		{9CC684CB-87DD-4AF8-8EF6-BF6A6D135A6D}.Debug|x64.ActiveCfg = Debug|Any CPU
		{9CC684CB-87DD-4AF8-8EF6-BF6A6D135A6D}.Debug|x64.Build.0 = Debug|Any CPU
		{9CC684CB-87DD-4AF8-8EF6-BF6A6D135A6D}.Debug|x86.ActiveCfg = Debug|Any CPU
		{9CC684CB-87DD-4AF8-8EF6-BF6A6D135A6D}.Debug|x86.Build.0 = Debug|Any CPU
		{9CC684CB-87DD-4AF8-8EF6-BF6A6D135A6D}.Release|Any CPU.ActiveCfg = Release|Any CPU
		{9CC684CB-87DD-4AF8-8EF6-BF6A6D135A6D}.Release|Any CPU.Build.0 = Release|Any CPU
		{9CC684CB-87DD-4AF8-8EF6-BF6A6D135A6D}.Release|x64.ActiveCfg = Release|Any CPU
		{9CC684CB-87DD-4AF8-8EF6-BF6A6D135A6D}.Release|x64.Build.0 = Release|Any CPU
		{9CC684CB-87DD-4AF8-8EF6-BF6A6D135A6D}.Release|x86.ActiveCfg = Release|Any CPU
		{9CC684CB-87DD-4AF8-8EF6-BF6A6D135A6D}.Release|x86.Build.0 = Release|Any CPU
		{9643D2BD-5A4C-4727-918E-9CF9D1FBEC2C}.Debug|Any CPU.ActiveCfg = Debug|Any CPU
		{9643D2BD-5A4C-4727-918E-9CF9D1FBEC2C}.Debug|Any CPU.Build.0 = Debug|Any CPU
		{9643D2BD-5A4C-4727-918E-9CF9D1FBEC2C}.Debug|x64.ActiveCfg = Debug|Any CPU
		{9643D2BD-5A4C-4727-918E-9CF9D1FBEC2C}.Debug|x64.Build.0 = Debug|Any CPU
		{9643D2BD-5A4C-4727-918E-9CF9D1FBEC2C}.Debug|x86.ActiveCfg = Debug|Any CPU
		{9643D2BD-5A4C-4727-918E-9CF9D1FBEC2C}.Debug|x86.Build.0 = Debug|Any CPU
		{9643D2BD-5A4C-4727-918E-9CF9D1FBEC2C}.Release|Any CPU.ActiveCfg = Release|Any CPU
		{9643D2BD-5A4C-4727-918E-9CF9D1FBEC2C}.Release|Any CPU.Build.0 = Release|Any CPU
		{9643D2BD-5A4C-4727-918E-9CF9D1FBEC2C}.Release|x64.ActiveCfg = Release|Any CPU
		{9643D2BD-5A4C-4727-918E-9CF9D1FBEC2C}.Release|x64.Build.0 = Release|Any CPU
		{9643D2BD-5A4C-4727-918E-9CF9D1FBEC2C}.Release|x86.ActiveCfg = Release|Any CPU
		{9643D2BD-5A4C-4727-918E-9CF9D1FBEC2C}.Release|x86.Build.0 = Release|Any CPU
		{21C442EE-5B23-4170-A7A9-CF9CB91D6FAA}.Debug|Any CPU.ActiveCfg = Debug|Any CPU
		{21C442EE-5B23-4170-A7A9-CF9CB91D6FAA}.Debug|Any CPU.Build.0 = Debug|Any CPU
		{21C442EE-5B23-4170-A7A9-CF9CB91D6FAA}.Debug|x64.ActiveCfg = Debug|Any CPU
		{21C442EE-5B23-4170-A7A9-CF9CB91D6FAA}.Debug|x64.Build.0 = Debug|Any CPU
		{21C442EE-5B23-4170-A7A9-CF9CB91D6FAA}.Debug|x86.ActiveCfg = Debug|Any CPU
		{21C442EE-5B23-4170-A7A9-CF9CB91D6FAA}.Debug|x86.Build.0 = Debug|Any CPU
		{21C442EE-5B23-4170-A7A9-CF9CB91D6FAA}.Release|Any CPU.ActiveCfg = Release|Any CPU
		{21C442EE-5B23-4170-A7A9-CF9CB91D6FAA}.Release|Any CPU.Build.0 = Release|Any CPU
		{21C442EE-5B23-4170-A7A9-CF9CB91D6FAA}.Release|x64.ActiveCfg = Release|Any CPU
		{21C442EE-5B23-4170-A7A9-CF9CB91D6FAA}.Release|x64.Build.0 = Release|Any CPU
		{21C442EE-5B23-4170-A7A9-CF9CB91D6FAA}.Release|x86.ActiveCfg = Release|Any CPU
		{21C442EE-5B23-4170-A7A9-CF9CB91D6FAA}.Release|x86.Build.0 = Release|Any CPU
		{75587B17-9954-4F21-9F16-E82199F391B8}.Debug|Any CPU.ActiveCfg = Debug|Any CPU
		{75587B17-9954-4F21-9F16-E82199F391B8}.Debug|Any CPU.Build.0 = Debug|Any CPU
		{75587B17-9954-4F21-9F16-E82199F391B8}.Debug|x64.ActiveCfg = Debug|Any CPU
		{75587B17-9954-4F21-9F16-E82199F391B8}.Debug|x64.Build.0 = Debug|Any CPU
		{75587B17-9954-4F21-9F16-E82199F391B8}.Debug|x86.ActiveCfg = Debug|Any CPU
		{75587B17-9954-4F21-9F16-E82199F391B8}.Debug|x86.Build.0 = Debug|Any CPU
		{75587B17-9954-4F21-9F16-E82199F391B8}.Release|Any CPU.ActiveCfg = Release|Any CPU
		{75587B17-9954-4F21-9F16-E82199F391B8}.Release|Any CPU.Build.0 = Release|Any CPU
		{75587B17-9954-4F21-9F16-E82199F391B8}.Release|x64.ActiveCfg = Release|Any CPU
		{75587B17-9954-4F21-9F16-E82199F391B8}.Release|x64.Build.0 = Release|Any CPU
		{75587B17-9954-4F21-9F16-E82199F391B8}.Release|x86.ActiveCfg = Release|Any CPU
		{75587B17-9954-4F21-9F16-E82199F391B8}.Release|x86.Build.0 = Release|Any CPU
		{5497B293-7052-4BAB-A280-F6F8C68D29BE}.Debug|Any CPU.ActiveCfg = Debug|Any CPU
		{5497B293-7052-4BAB-A280-F6F8C68D29BE}.Debug|Any CPU.Build.0 = Debug|Any CPU
		{5497B293-7052-4BAB-A280-F6F8C68D29BE}.Debug|x64.ActiveCfg = Debug|Any CPU
		{5497B293-7052-4BAB-A280-F6F8C68D29BE}.Debug|x64.Build.0 = Debug|Any CPU
		{5497B293-7052-4BAB-A280-F6F8C68D29BE}.Debug|x86.ActiveCfg = Debug|Any CPU
		{5497B293-7052-4BAB-A280-F6F8C68D29BE}.Debug|x86.Build.0 = Debug|Any CPU
		{5497B293-7052-4BAB-A280-F6F8C68D29BE}.Release|Any CPU.ActiveCfg = Release|Any CPU
		{5497B293-7052-4BAB-A280-F6F8C68D29BE}.Release|Any CPU.Build.0 = Release|Any CPU
		{5497B293-7052-4BAB-A280-F6F8C68D29BE}.Release|x64.ActiveCfg = Release|Any CPU
		{5497B293-7052-4BAB-A280-F6F8C68D29BE}.Release|x64.Build.0 = Release|Any CPU
		{5497B293-7052-4BAB-A280-F6F8C68D29BE}.Release|x86.ActiveCfg = Release|Any CPU
		{5497B293-7052-4BAB-A280-F6F8C68D29BE}.Release|x86.Build.0 = Release|Any CPU
		{CCC171F2-917D-4D96-A84D-E13641CDD0F3}.Debug|Any CPU.ActiveCfg = Debug|Any CPU
		{CCC171F2-917D-4D96-A84D-E13641CDD0F3}.Debug|Any CPU.Build.0 = Debug|Any CPU
		{CCC171F2-917D-4D96-A84D-E13641CDD0F3}.Debug|x64.ActiveCfg = Debug|Any CPU
		{CCC171F2-917D-4D96-A84D-E13641CDD0F3}.Debug|x64.Build.0 = Debug|Any CPU
		{CCC171F2-917D-4D96-A84D-E13641CDD0F3}.Debug|x86.ActiveCfg = Debug|Any CPU
		{CCC171F2-917D-4D96-A84D-E13641CDD0F3}.Debug|x86.Build.0 = Debug|Any CPU
		{CCC171F2-917D-4D96-A84D-E13641CDD0F3}.Release|Any CPU.ActiveCfg = Release|Any CPU
		{CCC171F2-917D-4D96-A84D-E13641CDD0F3}.Release|Any CPU.Build.0 = Release|Any CPU
		{CCC171F2-917D-4D96-A84D-E13641CDD0F3}.Release|x64.ActiveCfg = Release|Any CPU
		{CCC171F2-917D-4D96-A84D-E13641CDD0F3}.Release|x64.Build.0 = Release|Any CPU
		{CCC171F2-917D-4D96-A84D-E13641CDD0F3}.Release|x86.ActiveCfg = Release|Any CPU
		{CCC171F2-917D-4D96-A84D-E13641CDD0F3}.Release|x86.Build.0 = Release|Any CPU
		{B26E630D-CAC4-4DF0-9663-52F3B598B830}.Debug|Any CPU.ActiveCfg = Debug|Any CPU
		{B26E630D-CAC4-4DF0-9663-52F3B598B830}.Debug|Any CPU.Build.0 = Debug|Any CPU
		{B26E630D-CAC4-4DF0-9663-52F3B598B830}.Debug|x64.ActiveCfg = Debug|Any CPU
		{B26E630D-CAC4-4DF0-9663-52F3B598B830}.Debug|x64.Build.0 = Debug|Any CPU
		{B26E630D-CAC4-4DF0-9663-52F3B598B830}.Debug|x86.ActiveCfg = Debug|Any CPU
		{B26E630D-CAC4-4DF0-9663-52F3B598B830}.Debug|x86.Build.0 = Debug|Any CPU
		{B26E630D-CAC4-4DF0-9663-52F3B598B830}.Release|Any CPU.ActiveCfg = Release|Any CPU
		{B26E630D-CAC4-4DF0-9663-52F3B598B830}.Release|Any CPU.Build.0 = Release|Any CPU
		{B26E630D-CAC4-4DF0-9663-52F3B598B830}.Release|x64.ActiveCfg = Release|Any CPU
		{B26E630D-CAC4-4DF0-9663-52F3B598B830}.Release|x64.Build.0 = Release|Any CPU
		{B26E630D-CAC4-4DF0-9663-52F3B598B830}.Release|x86.ActiveCfg = Release|Any CPU
		{B26E630D-CAC4-4DF0-9663-52F3B598B830}.Release|x86.Build.0 = Release|Any CPU
		{5F20717A-4540-4825-BE2D-C55BE5D06BE8}.Debug|Any CPU.ActiveCfg = Debug|Any CPU
		{5F20717A-4540-4825-BE2D-C55BE5D06BE8}.Debug|Any CPU.Build.0 = Debug|Any CPU
		{5F20717A-4540-4825-BE2D-C55BE5D06BE8}.Debug|x64.ActiveCfg = Debug|Any CPU
		{5F20717A-4540-4825-BE2D-C55BE5D06BE8}.Debug|x64.Build.0 = Debug|Any CPU
		{5F20717A-4540-4825-BE2D-C55BE5D06BE8}.Debug|x86.ActiveCfg = Debug|Any CPU
		{5F20717A-4540-4825-BE2D-C55BE5D06BE8}.Debug|x86.Build.0 = Debug|Any CPU
		{5F20717A-4540-4825-BE2D-C55BE5D06BE8}.Release|Any CPU.ActiveCfg = Release|Any CPU
		{5F20717A-4540-4825-BE2D-C55BE5D06BE8}.Release|Any CPU.Build.0 = Release|Any CPU
		{5F20717A-4540-4825-BE2D-C55BE5D06BE8}.Release|x64.ActiveCfg = Release|Any CPU
		{5F20717A-4540-4825-BE2D-C55BE5D06BE8}.Release|x64.Build.0 = Release|Any CPU
		{5F20717A-4540-4825-BE2D-C55BE5D06BE8}.Release|x86.ActiveCfg = Release|Any CPU
		{5F20717A-4540-4825-BE2D-C55BE5D06BE8}.Release|x86.Build.0 = Release|Any CPU
	EndGlobalSection
	GlobalSection(SolutionProperties) = preSolution
		HideSolutionNode = FALSE
	EndGlobalSection
	GlobalSection(ExtensibilityGlobals) = postSolution
		SolutionGuid = {7E4A4665-ACF4-4237-8732-06C6F2074CD1}
	EndGlobalSection
EndGlobal
