
Microsoft Visual Studio Solution File, Format Version 12.00
# Visual Studio Version 16
VisualStudioVersion = 16.0.29519.161
MinimumVisualStudioVersion = 10.0.40219.1
Project("{FAE04EC0-301F-11D3-BF4B-00C04F79EFBC}") = "CustomException", "CustomException\CustomException.csproj", "{8FC19E86-5E01-4A57-9DFD-C263224C7F64}"
EndProject
Global
	GlobalSection(SolutionConfigurationPlatforms) = preSolution
		Debug|Any CPU = Debug|Any CPU
		Release|Any CPU = Release|Any CPU
	EndGlobalSection
	GlobalSection(ProjectConfigurationPlatforms) = postSolution
		{8FC19E86-5E01-4A57-9DFD-C263224C7F64}.Debug|Any CPU.ActiveCfg = Debug|Any CPU
		{8FC19E86-5E01-4A57-9DFD-C263224C7F64}.Debug|Any CPU.Build.0 = Debug|Any CPU
		{8FC19E86-5E01-4A57-9DFD-C263224C7F64}.Release|Any CPU.ActiveCfg = Release|Any CPU
		{8FC19E86-5E01-4A57-9DFD-C263224C7F64}.Release|Any CPU.Build.0 = Release|Any CPU
	EndGlobalSection
	GlobalSection(SolutionProperties) = preSolution
		HideSolutionNode = FALSE
	EndGlobalSection
	GlobalSection(ExtensibilityGlobals) = postSolution
		SolutionGuid = {863D2992-3C47-4454-A0BC-5651D163D536}
	EndGlobalSection
EndGlobal
