
Microsoft Visual Studio Solution File, Format Version 12.00
# Visual Studio Version 16
VisualStudioVersion = 16.0.30114.128
MinimumVisualStudioVersion = 10.0.40219.1
Project("{FAE04EC0-301F-11D3-BF4B-00C04F79EFBC}") = "ButtonTemplate", "ButtonTemplate\ButtonTemplate.csproj", "{9C36F69F-6BD1-434F-AF63-4CDFCDD53545}"
EndProject
Global
	GlobalSection(SolutionConfigurationPlatforms) = preSolution
		Debug|Any CPU = Debug|Any CPU
		Release|Any CPU = Release|Any CPU
	EndGlobalSection
	GlobalSection(ProjectConfigurationPlatforms) = postSolution
		{9C36F69F-6BD1-434F-AF63-4CDFCDD53545}.Debug|Any CPU.ActiveCfg = Debug|Any CPU
		{9C36F69F-6BD1-434F-AF63-4CDFCDD53545}.Debug|Any CPU.Build.0 = Debug|Any CPU
		{9C36F69F-6BD1-434F-AF63-4CDFCDD53545}.Release|Any CPU.ActiveCfg = Release|Any CPU
		{9C36F69F-6BD1-434F-AF63-4CDFCDD53545}.Release|Any CPU.Build.0 = Release|Any CPU
	EndGlobalSection
	GlobalSection(SolutionProperties) = preSolution
		HideSolutionNode = FALSE
	EndGlobalSection
	GlobalSection(ExtensibilityGlobals) = postSolution
		SolutionGuid = {5F572BA1-7FDF-481F-9504-F8C582F46600}
	EndGlobalSection
EndGlobal
