
Microsoft Visual Studio Solution File, Format Version 12.00
# Visual Studio Version 16
VisualStudioVersion = 16.0.29806.167
MinimumVisualStudioVersion = 10.0.40219.1
Project("{FAE04EC0-301F-11D3-BF4B-00C04F79EFBC}") = "LinqOverCollections", "LinqOverCollections\LinqOverCollections.csproj", "{BAA21596-EF99-43B9-89D4-A1E65A186F4A}"
EndProject
Global
	GlobalSection(SolutionConfigurationPlatforms) = preSolution
		Debug|Any CPU = Debug|Any CPU
		Release|Any CPU = Release|Any CPU
	EndGlobalSection
	GlobalSection(ProjectConfigurationPlatforms) = postSolution
		{BAA21596-EF99-43B9-89D4-A1E65A186F4A}.Debug|Any CPU.ActiveCfg = Debug|Any CPU
		{BAA21596-EF99-43B9-89D4-A1E65A186F4A}.Debug|Any CPU.Build.0 = Debug|Any CPU
		{BAA21596-EF99-43B9-89D4-A1E65A186F4A}.Release|Any CPU.ActiveCfg = Release|Any CPU
		{BAA21596-EF99-43B9-89D4-A1E65A186F4A}.Release|Any CPU.Build.0 = Release|Any CPU
	EndGlobalSection
	GlobalSection(SolutionProperties) = preSolution
		HideSolutionNode = FALSE
	EndGlobalSection
	GlobalSection(ExtensibilityGlobals) = postSolution
		SolutionGuid = {1097354A-684B-424E-8B82-473FECD819AD}
	EndGlobalSection
EndGlobal
