
Microsoft Visual Studio Solution File, Format Version 12.00
# Visual Studio Version 16
VisualStudioVersion = 16.0.29519.161
MinimumVisualStudioVersion = 10.0.40219.1
Project("{FAE04EC0-301F-11D3-BF4B-00C04F79EFBC}") = "ConstData", "ConstData\ConstData.csproj", "{93857BEE-EBD0-4931-931F-6C377F3E5E85}"
EndProject
Global
	GlobalSection(SolutionConfigurationPlatforms) = preSolution
		Debug|Any CPU = Debug|Any CPU
		Release|Any CPU = Release|Any CPU
	EndGlobalSection
	GlobalSection(ProjectConfigurationPlatforms) = postSolution
		{93857BEE-EBD0-4931-931F-6C377F3E5E85}.Debug|Any CPU.ActiveCfg = Debug|Any CPU
		{93857BEE-EBD0-4931-931F-6C377F3E5E85}.Debug|Any CPU.Build.0 = Debug|Any CPU
		{93857BEE-EBD0-4931-931F-6C377F3E5E85}.Release|Any CPU.ActiveCfg = Release|Any CPU
		{93857BEE-EBD0-4931-931F-6C377F3E5E85}.Release|Any CPU.Build.0 = Release|Any CPU
	EndGlobalSection
	GlobalSection(SolutionProperties) = preSolution
		HideSolutionNode = FALSE
	EndGlobalSection
	GlobalSection(ExtensibilityGlobals) = postSolution
		SolutionGuid = {88245278-8030-40D2-BD4A-475488839733}
	EndGlobalSection
EndGlobal
