
Microsoft Visual Studio Solution File, Format Version 12.00
# Visual Studio Version 16
VisualStudioVersion = 16.0.30011.22
MinimumVisualStudioVersion = 10.0.40219.1
Project("{FAE04EC0-301F-11D3-BF4B-00C04F79EFBC}") = "AutoLot.DAL", "AutoLot.DAL\AutoLot.DAL.csproj", "{DC344173-C418-4F12-B23A-37DCFF0ED945}"
EndProject
Project("{FAE04EC0-301F-11D3-BF4B-00C04F79EFBC}") = "AutoLot.Client", "AutoLot.Client\AutoLot.Client.csproj", "{3FB46C94-5E9B-4D20-9A7D-CFE18781DC6B}"
EndProject
Global
	GlobalSection(SolutionConfigurationPlatforms) = preSolution
		Debug|Any CPU = Debug|Any CPU
		Release|Any CPU = Release|Any CPU
	EndGlobalSection
	GlobalSection(ProjectConfigurationPlatforms) = postSolution
		{DC344173-C418-4F12-B23A-37DCFF0ED945}.Debug|Any CPU.ActiveCfg = Debug|Any CPU
		{DC344173-C418-4F12-B23A-37DCFF0ED945}.Debug|Any CPU.Build.0 = Debug|Any CPU
		{DC344173-C418-4F12-B23A-37DCFF0ED945}.Release|Any CPU.ActiveCfg = Release|Any CPU
		{DC344173-C418-4F12-B23A-37DCFF0ED945}.Release|Any CPU.Build.0 = Release|Any CPU
		{3FB46C94-5E9B-4D20-9A7D-CFE18781DC6B}.Debug|Any CPU.ActiveCfg = Debug|Any CPU
		{3FB46C94-5E9B-4D20-9A7D-CFE18781DC6B}.Debug|Any CPU.Build.0 = Debug|Any CPU
		{3FB46C94-5E9B-4D20-9A7D-CFE18781DC6B}.Release|Any CPU.ActiveCfg = Release|Any CPU
		{3FB46C94-5E9B-4D20-9A7D-CFE18781DC6B}.Release|Any CPU.Build.0 = Release|Any CPU
	EndGlobalSection
	GlobalSection(SolutionProperties) = preSolution
		HideSolutionNode = FALSE
	EndGlobalSection
	GlobalSection(ExtensibilityGlobals) = postSolution
		SolutionGuid = {DBBF042D-9E76-4513-970D-FF5620558D47}
	EndGlobalSection
EndGlobal
