
Microsoft Visual Studio Solution File, Format Version 12.00
# Visual Studio Version 16
VisualStudioVersion = 16.0.29920.165
MinimumVisualStudioVersion = 10.0.40219.1
Project("{FAE04EC0-301F-11D3-BF4B-00C04F79EFBC}") = "RoundTrip", "RoundTrip\RoundTrip.csproj", "{A57C3C09-DDA3-446C-879F-9D4C6FD23B41}"
EndProject
Global
	GlobalSection(SolutionConfigurationPlatforms) = preSolution
		Debug|Any CPU = Debug|Any CPU
		Release|Any CPU = Release|Any CPU
	EndGlobalSection
	GlobalSection(ProjectConfigurationPlatforms) = postSolution
		{A57C3C09-DDA3-446C-879F-9D4C6FD23B41}.Debug|Any CPU.ActiveCfg = Debug|Any CPU
		{A57C3C09-DDA3-446C-879F-9D4C6FD23B41}.Debug|Any CPU.Build.0 = Debug|Any CPU
		{A57C3C09-DDA3-446C-879F-9D4C6FD23B41}.Release|Any CPU.ActiveCfg = Release|Any CPU
		{A57C3C09-DDA3-446C-879F-9D4C6FD23B41}.Release|Any CPU.Build.0 = Release|Any CPU
	EndGlobalSection
	GlobalSection(SolutionProperties) = preSolution
		HideSolutionNode = FALSE
	EndGlobalSection
	GlobalSection(ExtensibilityGlobals) = postSolution
		SolutionGuid = {48F62C0C-C4AE-4388-AB2F-A8AEABF596CD}
	EndGlobalSection
EndGlobal
