
Microsoft Visual Studio Solution File, Format Version 12.00
# Visual Studio Version 16
VisualStudioVersion = 16.0.29911.84
MinimumVisualStudioVersion = 10.0.40219.1
Project("{9A19103F-16F7-4668-BE54-9A1E7A4F7556}") = "FunWithProbingPaths", "FunWithProbingPaths\FunWithProbingPaths.csproj", "{E32ADDD2-67B6-4649-AE80-DCCC86DD2824}"
EndProject
Global
	GlobalSection(SolutionConfigurationPlatforms) = preSolution
		Debug|Any CPU = Debug|Any CPU
		Release|Any CPU = Release|Any CPU
	EndGlobalSection
	GlobalSection(ProjectConfigurationPlatforms) = postSolution
		{E32ADDD2-67B6-4649-AE80-DCCC86DD2824}.Debug|Any CPU.ActiveCfg = Debug|Any CPU
		{E32ADDD2-67B6-4649-AE80-DCCC86DD2824}.Debug|Any CPU.Build.0 = Debug|Any CPU
		{E32ADDD2-67B6-4649-AE80-DCCC86DD2824}.Release|Any CPU.ActiveCfg = Release|Any CPU
		{E32ADDD2-67B6-4649-AE80-DCCC86DD2824}.Release|Any CPU.Build.0 = Release|Any CPU
	EndGlobalSection
	GlobalSection(SolutionProperties) = preSolution
		HideSolutionNode = FALSE
	EndGlobalSection
	GlobalSection(ExtensibilityGlobals) = postSolution
		SolutionGuid = {4FBF29E7-7A0C-4BCE-8D7B-9CF0F7AB53FB}
	EndGlobalSection
EndGlobal
