
Microsoft Visual Studio Solution File, Format Version 12.00
# Visual Studio Version 16
VisualStudioVersion = 16.0.29905.134
MinimumVisualStudioVersion = 10.0.40219.1
Project("{FAE04EC0-301F-11D3-BF4B-00C04F79EFBC}") = "DataParallelismWithForEach", "DataParallelismWithForEach\DataParallelismWithForEach.csproj", "{A40E4D90-9D2A-436B-BA57-74E00BD84C10}"
EndProject
Global
	GlobalSection(SolutionConfigurationPlatforms) = preSolution
		Debug|Any CPU = Debug|Any CPU
		Release|Any CPU = Release|Any CPU
	EndGlobalSection
	GlobalSection(ProjectConfigurationPlatforms) = postSolution
		{A40E4D90-9D2A-436B-BA57-74E00BD84C10}.Debug|Any CPU.ActiveCfg = Debug|Any CPU
		{A40E4D90-9D2A-436B-BA57-74E00BD84C10}.Debug|Any CPU.Build.0 = Debug|Any CPU
		{A40E4D90-9D2A-436B-BA57-74E00BD84C10}.Release|Any CPU.ActiveCfg = Release|Any CPU
		{A40E4D90-9D2A-436B-BA57-74E00BD84C10}.Release|Any CPU.Build.0 = Release|Any CPU
	EndGlobalSection
	GlobalSection(SolutionProperties) = preSolution
		HideSolutionNode = FALSE
	EndGlobalSection
	GlobalSection(ExtensibilityGlobals) = postSolution
		SolutionGuid = {B5273906-AC89-4746-95F9-9C8CA518F5E2}
	EndGlobalSection
EndGlobal
