
Microsoft Visual Studio Solution File, Format Version 12.00
# Visual Studio Version 16
VisualStudioVersion = 16.0.29519.161
MinimumVisualStudioVersion = 10.0.40219.1
Project("{FAE04EC0-301F-11D3-BF4B-00C04F79EFBC}") = "Employees", "Employees\Employees.csproj", "{847C6E4C-8AE6-4053-AD07-18A3B00ACC25}"
EndProject
Global
	GlobalSection(SolutionConfigurationPlatforms) = preSolution
		Debug|Any CPU = Debug|Any CPU
		Release|Any CPU = Release|Any CPU
	EndGlobalSection
	GlobalSection(ProjectConfigurationPlatforms) = postSolution
		{847C6E4C-8AE6-4053-AD07-18A3B00ACC25}.Debug|Any CPU.ActiveCfg = Debug|Any CPU
		{847C6E4C-8AE6-4053-AD07-18A3B00ACC25}.Debug|Any CPU.Build.0 = Debug|Any CPU
		{847C6E4C-8AE6-4053-AD07-18A3B00ACC25}.Release|Any CPU.ActiveCfg = Release|Any CPU
		{847C6E4C-8AE6-4053-AD07-18A3B00ACC25}.Release|Any CPU.Build.0 = Release|Any CPU
	EndGlobalSection
	GlobalSection(SolutionProperties) = preSolution
		HideSolutionNode = FALSE
	EndGlobalSection
	GlobalSection(ExtensibilityGlobals) = postSolution
		SolutionGuid = {AA6F7F9A-EAA7-4B00-AEB6-DD70A52C1AD0}
	EndGlobalSection
EndGlobal
