
Microsoft Visual Studio Solution File, Format Version 12.00
# Visual Studio Version 16
VisualStudioVersion = 16.0.29411.138
MinimumVisualStudioVersion = 10.0.40219.1
Project("{FAE04EC0-301F-11D3-BF4B-00C04F79EFBC}") = "IterationsAndDecisions", "IterationsAndDecisions\IterationsAndDecisions.csproj", "{8CC79C68-D6E9-4C92-A734-55461CC10B02}"
EndProject
Global
	GlobalSection(SolutionConfigurationPlatforms) = preSolution
		Debug|Any CPU = Debug|Any CPU
		Release|Any CPU = Release|Any CPU
	EndGlobalSection
	GlobalSection(ProjectConfigurationPlatforms) = postSolution
		{8CC79C68-D6E9-4C92-A734-55461CC10B02}.Debug|Any CPU.ActiveCfg = Debug|Any CPU
		{8CC79C68-D6E9-4C92-A734-55461CC10B02}.Debug|Any CPU.Build.0 = Debug|Any CPU
		{8CC79C68-D6E9-4C92-A734-55461CC10B02}.Release|Any CPU.ActiveCfg = Release|Any CPU
		{8CC79C68-D6E9-4C92-A734-55461CC10B02}.Release|Any CPU.Build.0 = Release|Any CPU
	EndGlobalSection
	GlobalSection(SolutionProperties) = preSolution
		HideSolutionNode = FALSE
	EndGlobalSection
	GlobalSection(ExtensibilityGlobals) = postSolution
		SolutionGuid = {EE79B98E-75EF-48A0-B604-F131454C2003}
	EndGlobalSection
EndGlobal
