
Microsoft Visual Studio Solution File, Format Version 12.00
# Visual Studio Version 16
VisualStudioVersion = 16.0.29411.138
MinimumVisualStudioVersion = 10.0.40219.1
Project("{FAE04EC0-301F-11D3-BF4B-00C04F79EFBC}") = "FunWithMethods", "FunWithMethods\FunWithMethods.csproj", "{DB5E38FB-19CC-4AC6-97F5-A1F1BE599478}"
EndProject
Global
	GlobalSection(SolutionConfigurationPlatforms) = preSolution
		Debug|Any CPU = Debug|Any CPU
		Release|Any CPU = Release|Any CPU
	EndGlobalSection
	GlobalSection(ProjectConfigurationPlatforms) = postSolution
		{DB5E38FB-19CC-4AC6-97F5-A1F1BE599478}.Debug|Any CPU.ActiveCfg = Debug|Any CPU
		{DB5E38FB-19CC-4AC6-97F5-A1F1BE599478}.Debug|Any CPU.Build.0 = Debug|Any CPU
		{DB5E38FB-19CC-4AC6-97F5-A1F1BE599478}.Release|Any CPU.ActiveCfg = Release|Any CPU
		{DB5E38FB-19CC-4AC6-97F5-A1F1BE599478}.Release|Any CPU.Build.0 = Release|Any CPU
	EndGlobalSection
	GlobalSection(SolutionProperties) = preSolution
		HideSolutionNode = FALSE
	EndGlobalSection
	GlobalSection(ExtensibilityGlobals) = postSolution
		SolutionGuid = {341C0AC9-0341-4E17-BEB8-7E158027E10E}
	EndGlobalSection
EndGlobal
