
Microsoft Visual Studio Solution File, Format Version 12.00
# Visual Studio Version 16
VisualStudioVersion = 16.0.30114.128
MinimumVisualStudioVersion = 10.0.40219.1
Project("{FAE04EC0-301F-11D3-BF4B-00C04F79EFBC}") = "WpfStyles", "WpfStyles\WpfStyles.csproj", "{884D5C62-A4FA-4548-A80F-3A4ED371375E}"
EndProject
Global
	GlobalSection(SolutionConfigurationPlatforms) = preSolution
		Debug|Any CPU = Debug|Any CPU
		Release|Any CPU = Release|Any CPU
	EndGlobalSection
	GlobalSection(ProjectConfigurationPlatforms) = postSolution
		{884D5C62-A4FA-4548-A80F-3A4ED371375E}.Debug|Any CPU.ActiveCfg = Debug|Any CPU
		{884D5C62-A4FA-4548-A80F-3A4ED371375E}.Debug|Any CPU.Build.0 = Debug|Any CPU
		{884D5C62-A4FA-4548-A80F-3A4ED371375E}.Release|Any CPU.ActiveCfg = Release|Any CPU
		{884D5C62-A4FA-4548-A80F-3A4ED371375E}.Release|Any CPU.Build.0 = Release|Any CPU
	EndGlobalSection
	GlobalSection(SolutionProperties) = preSolution
		HideSolutionNode = FALSE
	EndGlobalSection
	GlobalSection(ExtensibilityGlobals) = postSolution
		SolutionGuid = {EA7A6C72-68CC-46CB-B8D5-E1ECD559EDF1}
	EndGlobalSection
EndGlobal
