
Microsoft Visual Studio Solution File, Format Version 12.00
# Visual Studio Version 16
VisualStudioVersion = 16.0.29920.165
MinimumVisualStudioVersion = 10.0.40219.1
Project("{FAE04EC0-301F-11D3-BF4B-00C04F79EFBC}") = "ApplyingAttributes", "ApplyingAttributes\ApplyingAttributes.csproj", "{0CF27DAB-3B63-4E66-BAB4-43CE675A9D20}"
EndProject
Global
	GlobalSection(SolutionConfigurationPlatforms) = preSolution
		Debug|Any CPU = Debug|Any CPU
		Release|Any CPU = Release|Any CPU
	EndGlobalSection
	GlobalSection(ProjectConfigurationPlatforms) = postSolution
		{0CF27DAB-3B63-4E66-BAB4-43CE675A9D20}.Debug|Any CPU.ActiveCfg = Debug|Any CPU
		{0CF27DAB-3B63-4E66-BAB4-43CE675A9D20}.Debug|Any CPU.Build.0 = Debug|Any CPU
		{0CF27DAB-3B63-4E66-BAB4-43CE675A9D20}.Release|Any CPU.ActiveCfg = Release|Any CPU
		{0CF27DAB-3B63-4E66-BAB4-43CE675A9D20}.Release|Any CPU.Build.0 = Release|Any CPU
	EndGlobalSection
	GlobalSection(SolutionProperties) = preSolution
		HideSolutionNode = FALSE
	EndGlobalSection
	GlobalSection(ExtensibilityGlobals) = postSolution
		SolutionGuid = {916A85F5-E4B0-4AE4-A277-B563ACFC0869}
	EndGlobalSection
EndGlobal
