
Microsoft Visual Studio Solution File, Format Version 12.00
# Visual Studio Version 16
VisualStudioVersion = 16.0.30114.128
MinimumVisualStudioVersion = 10.0.40219.1
Project("{FAE04EC0-301F-11D3-BF4B-00C04F79EFBC}") = "VisualLayoutTester", "VisualLayoutTester\VisualLayoutTester.csproj", "{597B14D8-450B-4558-A604-A491D6509017}"
EndProject
Global
	GlobalSection(SolutionConfigurationPlatforms) = preSolution
		Debug|Any CPU = Debug|Any CPU
		Release|Any CPU = Release|Any CPU
	EndGlobalSection
	GlobalSection(ProjectConfigurationPlatforms) = postSolution
		{597B14D8-450B-4558-A604-A491D6509017}.Debug|Any CPU.ActiveCfg = Debug|Any CPU
		{597B14D8-450B-4558-A604-A491D6509017}.Debug|Any CPU.Build.0 = Debug|Any CPU
		{597B14D8-450B-4558-A604-A491D6509017}.Release|Any CPU.ActiveCfg = Release|Any CPU
		{597B14D8-450B-4558-A604-A491D6509017}.Release|Any CPU.Build.0 = Release|Any CPU
	EndGlobalSection
	GlobalSection(SolutionProperties) = preSolution
		HideSolutionNode = FALSE
	EndGlobalSection
	GlobalSection(ExtensibilityGlobals) = postSolution
		SolutionGuid = {5ABC6AD0-DC68-4612-BBB0-A4841AD31962}
	EndGlobalSection
EndGlobal
