
Microsoft Visual Studio Solution File, Format Version 12.00
# Visual Studio Version 16
VisualStudioVersion = 16.0.29519.161
MinimumVisualStudioVersion = 10.0.40219.1
Project("{FAE04EC0-301F-11D3-BF4B-00C04F79EFBC}") = "CloneablePoint", "CloneablePoint\CloneablePoint.csproj", "{CAF328BA-6F05-4A7A-98E4-4D27CD22601A}"
EndProject
Global
	GlobalSection(SolutionConfigurationPlatforms) = preSolution
		Debug|Any CPU = Debug|Any CPU
		Release|Any CPU = Release|Any CPU
	EndGlobalSection
	GlobalSection(ProjectConfigurationPlatforms) = postSolution
		{CAF328BA-6F05-4A7A-98E4-4D27CD22601A}.Debug|Any CPU.ActiveCfg = Debug|Any CPU
		{CAF328BA-6F05-4A7A-98E4-4D27CD22601A}.Debug|Any CPU.Build.0 = Debug|Any CPU
		{CAF328BA-6F05-4A7A-98E4-4D27CD22601A}.Release|Any CPU.ActiveCfg = Release|Any CPU
		{CAF328BA-6F05-4A7A-98E4-4D27CD22601A}.Release|Any CPU.Build.0 = Release|Any CPU
	EndGlobalSection
	GlobalSection(SolutionProperties) = preSolution
		HideSolutionNode = FALSE
	EndGlobalSection
	GlobalSection(ExtensibilityGlobals) = postSolution
		SolutionGuid = {74E7E1D0-B75B-4416-BC09-5B26D6D067B5}
	EndGlobalSection
EndGlobal
