
Microsoft Visual Studio Solution File, Format Version 12.00
# Visual Studio Version 16
VisualStudioVersion = 16.0.30114.128
MinimumVisualStudioVersion = 10.0.40219.1
Project("{FAE04EC0-301F-11D3-BF4B-00C04F79EFBC}") = "FunWithTransforms", "FunWithTransforms\FunWithTransforms.csproj", "{FB0F7281-0478-4EBC-AEF1-802E14D6981A}"
EndProject
Global
	GlobalSection(SolutionConfigurationPlatforms) = preSolution
		Debug|Any CPU = Debug|Any CPU
		Release|Any CPU = Release|Any CPU
	EndGlobalSection
	GlobalSection(ProjectConfigurationPlatforms) = postSolution
		{FB0F7281-0478-4EBC-AEF1-802E14D6981A}.Debug|Any CPU.ActiveCfg = Debug|Any CPU
		{FB0F7281-0478-4EBC-AEF1-802E14D6981A}.Debug|Any CPU.Build.0 = Debug|Any CPU
		{FB0F7281-0478-4EBC-AEF1-802E14D6981A}.Release|Any CPU.ActiveCfg = Release|Any CPU
		{FB0F7281-0478-4EBC-AEF1-802E14D6981A}.Release|Any CPU.Build.0 = Release|Any CPU
	EndGlobalSection
	GlobalSection(SolutionProperties) = preSolution
		HideSolutionNode = FALSE
	EndGlobalSection
	GlobalSection(ExtensibilityGlobals) = postSolution
		SolutionGuid = {BE1C54D5-A7F4-431A-A7C0-E9BC614DC2B7}
	EndGlobalSection
EndGlobal
