
Microsoft Visual Studio Solution File, Format Version 12.00
# Visual Studio Version 16
VisualStudioVersion = 16.0.29728.190
MinimumVisualStudioVersion = 10.0.40219.1
Project("{FAE04EC0-301F-11D3-BF4B-00C04F79EFBC}") = "LambdaExpressions", "LambdaExpressions\LambdaExpressions.csproj", "{5E9C09D3-9DB6-428C-BFCE-4171B3389736}"
EndProject
Global
	GlobalSection(SolutionConfigurationPlatforms) = preSolution
		Debug|Any CPU = Debug|Any CPU
		Release|Any CPU = Release|Any CPU
	EndGlobalSection
	GlobalSection(ProjectConfigurationPlatforms) = postSolution
		{5E9C09D3-9DB6-428C-BFCE-4171B3389736}.Debug|Any CPU.ActiveCfg = Debug|Any CPU
		{5E9C09D3-9DB6-428C-BFCE-4171B3389736}.Debug|Any CPU.Build.0 = Debug|Any CPU
		{5E9C09D3-9DB6-428C-BFCE-4171B3389736}.Release|Any CPU.ActiveCfg = Release|Any CPU
		{5E9C09D3-9DB6-428C-BFCE-4171B3389736}.Release|Any CPU.Build.0 = Release|Any CPU
	EndGlobalSection
	GlobalSection(SolutionProperties) = preSolution
		HideSolutionNode = FALSE
	EndGlobalSection
	GlobalSection(ExtensibilityGlobals) = postSolution
		SolutionGuid = {36202B6D-7CA5-4BCF-87D8-324152BBC8D1}
	EndGlobalSection
EndGlobal
