
Microsoft Visual Studio Solution File, Format Version 12.00
# Visual Studio Version 16
VisualStudioVersion = 16.0.30011.22
MinimumVisualStudioVersion = 10.0.40219.1
Project("{FAE04EC0-301F-11D3-BF4B-00C04F79EFBC}") = "AutoLot.DataReader", "AutoLot.DataReader\AutoLot.DataReader.csproj", "{A77AC2F4-F98E-4EBF-820C-1615B7461CC6}"
EndProject
Global
	GlobalSection(SolutionConfigurationPlatforms) = preSolution
		Debug|Any CPU = Debug|Any CPU
		Release|Any CPU = Release|Any CPU
	EndGlobalSection
	GlobalSection(ProjectConfigurationPlatforms) = postSolution
		{A77AC2F4-F98E-4EBF-820C-1615B7461CC6}.Debug|Any CPU.ActiveCfg = Debug|Any CPU
		{A77AC2F4-F98E-4EBF-820C-1615B7461CC6}.Debug|Any CPU.Build.0 = Debug|Any CPU
		{A77AC2F4-F98E-4EBF-820C-1615B7461CC6}.Release|Any CPU.ActiveCfg = Release|Any CPU
		{A77AC2F4-F98E-4EBF-820C-1615B7461CC6}.Release|Any CPU.Build.0 = Release|Any CPU
	EndGlobalSection
	GlobalSection(SolutionProperties) = preSolution
		HideSolutionNode = FALSE
	EndGlobalSection
	GlobalSection(ExtensibilityGlobals) = postSolution
		SolutionGuid = {11BAD1F9-07CF-40E6-95C1-99009A2B6423}
	EndGlobalSection
EndGlobal
