
Microsoft Visual Studio Solution File, Format Version 12.00
# Visual Studio Version 16
VisualStudioVersion = 16.0.29519.161
MinimumVisualStudioVersion = 10.0.40219.1
Project("{FAE04EC0-301F-11D3-BF4B-00C04F79EFBC}") = "MiInterfaceHierarchy", "MiInterfaceHierarchy\MiInterfaceHierarchy.csproj", "{2C33B1A7-6A9D-45C4-9036-B1179A053F59}"
EndProject
Global
	GlobalSection(SolutionConfigurationPlatforms) = preSolution
		Debug|Any CPU = Debug|Any CPU
		Release|Any CPU = Release|Any CPU
	EndGlobalSection
	GlobalSection(ProjectConfigurationPlatforms) = postSolution
		{2C33B1A7-6A9D-45C4-9036-B1179A053F59}.Debug|Any CPU.ActiveCfg = Debug|Any CPU
		{2C33B1A7-6A9D-45C4-9036-B1179A053F59}.Debug|Any CPU.Build.0 = Debug|Any CPU
		{2C33B1A7-6A9D-45C4-9036-B1179A053F59}.Release|Any CPU.ActiveCfg = Release|Any CPU
		{2C33B1A7-6A9D-45C4-9036-B1179A053F59}.Release|Any CPU.Build.0 = Release|Any CPU
	EndGlobalSection
	GlobalSection(SolutionProperties) = preSolution
		HideSolutionNode = FALSE
	EndGlobalSection
	GlobalSection(ExtensibilityGlobals) = postSolution
		SolutionGuid = {61E6DA8D-C300-4742-890A-2D33A21AAB87}
	EndGlobalSection
EndGlobal
