
Microsoft Visual Studio Solution File, Format Version 12.00
# Visual Studio Version 16
VisualStudioVersion = 16.0.29519.161
MinimumVisualStudioVersion = 10.0.40219.1
Project("{FAE04EC0-301F-11D3-BF4B-00C04F79EFBC}") = "CustomInterfaces", "CustomInterfaces\CustomInterfaces.csproj", "{CB3D1F4E-334B-42CD-A9C1-C142D27CC240}"
EndProject
Global
	GlobalSection(SolutionConfigurationPlatforms) = preSolution
		Debug|Any CPU = Debug|Any CPU
		Release|Any CPU = Release|Any CPU
	EndGlobalSection
	GlobalSection(ProjectConfigurationPlatforms) = postSolution
		{CB3D1F4E-334B-42CD-A9C1-C142D27CC240}.Debug|Any CPU.ActiveCfg = Debug|Any CPU
		{CB3D1F4E-334B-42CD-A9C1-C142D27CC240}.Debug|Any CPU.Build.0 = Debug|Any CPU
		{CB3D1F4E-334B-42CD-A9C1-C142D27CC240}.Release|Any CPU.ActiveCfg = Release|Any CPU
		{CB3D1F4E-334B-42CD-A9C1-C142D27CC240}.Release|Any CPU.Build.0 = Release|Any CPU
	EndGlobalSection
	GlobalSection(SolutionProperties) = preSolution
		HideSolutionNode = FALSE
	EndGlobalSection
	GlobalSection(ExtensibilityGlobals) = postSolution
		SolutionGuid = {7919A1B9-AFD8-4E2D-86AB-1EAADA3D217A}
	EndGlobalSection
EndGlobal
