
Microsoft Visual Studio Solution File, Format Version 12.00
# Visual Studio Version 16
VisualStudioVersion = 16.0.30114.128
MinimumVisualStudioVersion = 10.0.40219.1
Project("{FAE04EC0-301F-11D3-BF4B-00C04F79EFBC}") = "WpfNotifications", "WpfNotifications\WpfNotifications.csproj", "{13098A4E-5123-4DC2-920E-875B4AA52518}"
EndProject
Global
	GlobalSection(SolutionConfigurationPlatforms) = preSolution
		Debug|Any CPU = Debug|Any CPU
		Release|Any CPU = Release|Any CPU
	EndGlobalSection
	GlobalSection(ProjectConfigurationPlatforms) = postSolution
		{13098A4E-5123-4DC2-920E-875B4AA52518}.Debug|Any CPU.ActiveCfg = Debug|Any CPU
		{13098A4E-5123-4DC2-920E-875B4AA52518}.Debug|Any CPU.Build.0 = Debug|Any CPU
		{13098A4E-5123-4DC2-920E-875B4AA52518}.Release|Any CPU.ActiveCfg = Release|Any CPU
		{13098A4E-5123-4DC2-920E-875B4AA52518}.Release|Any CPU.Build.0 = Release|Any CPU
	EndGlobalSection
	GlobalSection(SolutionProperties) = preSolution
		HideSolutionNode = FALSE
	EndGlobalSection
	GlobalSection(ExtensibilityGlobals) = postSolution
		SolutionGuid = {95570F96-BD26-4191-8A5D-D4861492649E}
	EndGlobalSection
EndGlobal
