
Microsoft Visual Studio Solution File, Format Version 12.00
# Visual Studio Version 16
VisualStudioVersion = 16.0.29920.165
MinimumVisualStudioVersion = 10.0.40219.1
Project("{FAE04EC0-301F-11D3-BF4B-00C04F79EFBC}") = "FirstSamples", "FirstSamples\FirstSamples.csproj", "{D33F3238-7180-4B8E-897B-3D0D50296B04}"
EndProject
Global
	GlobalSection(SolutionConfigurationPlatforms) = preSolution
		Debug|Any CPU = Debug|Any CPU
		Release|Any CPU = Release|Any CPU
	EndGlobalSection
	GlobalSection(ProjectConfigurationPlatforms) = postSolution
		{D33F3238-7180-4B8E-897B-3D0D50296B04}.Debug|Any CPU.ActiveCfg = Debug|Any CPU
		{D33F3238-7180-4B8E-897B-3D0D50296B04}.Debug|Any CPU.Build.0 = Debug|Any CPU
		{D33F3238-7180-4B8E-897B-3D0D50296B04}.Release|Any CPU.ActiveCfg = Release|Any CPU
		{D33F3238-7180-4B8E-897B-3D0D50296B04}.Release|Any CPU.Build.0 = Release|Any CPU
	EndGlobalSection
	GlobalSection(SolutionProperties) = preSolution
		HideSolutionNode = FALSE
	EndGlobalSection
	GlobalSection(ExtensibilityGlobals) = postSolution
		SolutionGuid = {7640004A-C3DE-44D1-9DE3-3F3004436A83}
	EndGlobalSection
EndGlobal
