
Microsoft Visual Studio Solution File, Format Version 12.00
# Visual Studio Version 16
VisualStudioVersion = 16.0.29920.165
MinimumVisualStudioVersion = 10.0.40219.1
Project("{FAE04EC0-301F-11D3-BF4B-00C04F79EFBC}") = "ExternalAssemblyReflector", "ExternalAssemblyReflector\ExternalAssemblyReflector.csproj", "{84F71031-F62F-42D1-ADF6-4FB6AE67A63B}"
EndProject
Global
	GlobalSection(SolutionConfigurationPlatforms) = preSolution
		Debug|Any CPU = Debug|Any CPU
		Release|Any CPU = Release|Any CPU
	EndGlobalSection
	GlobalSection(ProjectConfigurationPlatforms) = postSolution
		{84F71031-F62F-42D1-ADF6-4FB6AE67A63B}.Debug|Any CPU.ActiveCfg = Debug|Any CPU
		{84F71031-F62F-42D1-ADF6-4FB6AE67A63B}.Debug|Any CPU.Build.0 = Debug|Any CPU
		{84F71031-F62F-42D1-ADF6-4FB6AE67A63B}.Release|Any CPU.ActiveCfg = Release|Any CPU
		{84F71031-F62F-42D1-ADF6-4FB6AE67A63B}.Release|Any CPU.Build.0 = Release|Any CPU
	EndGlobalSection
	GlobalSection(SolutionProperties) = preSolution
		HideSolutionNode = FALSE
	EndGlobalSection
	GlobalSection(ExtensibilityGlobals) = postSolution
		SolutionGuid = {15E460DB-A4AE-473F-8322-D2EC68061E00}
	EndGlobalSection
EndGlobal
