
Microsoft Visual Studio Solution File, Format Version 12.00
# Visual Studio Version 16
VisualStudioVersion = 16.0.29905.134
MinimumVisualStudioVersion = 10.0.40219.1
Project("{FAE04EC0-301F-11D3-BF4B-00C04F79EFBC}") = "ThreadPoolApp", "ThreadPoolApp\ThreadPoolApp.csproj", "{E91BA449-D1D2-4E21-BA8E-39A3CAB08C6B}"
EndProject
Global
	GlobalSection(SolutionConfigurationPlatforms) = preSolution
		Debug|Any CPU = Debug|Any CPU
		Release|Any CPU = Release|Any CPU
	EndGlobalSection
	GlobalSection(ProjectConfigurationPlatforms) = postSolution
		{E91BA449-D1D2-4E21-BA8E-39A3CAB08C6B}.Debug|Any CPU.ActiveCfg = Debug|Any CPU
		{E91BA449-D1D2-4E21-BA8E-39A3CAB08C6B}.Debug|Any CPU.Build.0 = Debug|Any CPU
		{E91BA449-D1D2-4E21-BA8E-39A3CAB08C6B}.Release|Any CPU.ActiveCfg = Release|Any CPU
		{E91BA449-D1D2-4E21-BA8E-39A3CAB08C6B}.Release|Any CPU.Build.0 = Release|Any CPU
	EndGlobalSection
	GlobalSection(SolutionProperties) = preSolution
		HideSolutionNode = FALSE
	EndGlobalSection
	GlobalSection(ExtensibilityGlobals) = postSolution
		SolutionGuid = {9E5A2A56-F453-4DB2-9773-A2A1C5C81A37}
	EndGlobalSection
EndGlobal
