
Microsoft Visual Studio Solution File, Format Version 12.00
# Visual Studio Version 16
VisualStudioVersion = 16.0.29905.134
MinimumVisualStudioVersion = 10.0.40219.1
Project("{FAE04EC0-301F-11D3-BF4B-00C04F79EFBC}") = "ThreadStats", "ThreadStats\ThreadStats.csproj", "{8119E615-5A82-43F6-BF31-DB917C01A18A}"
EndProject
Global
	GlobalSection(SolutionConfigurationPlatforms) = preSolution
		Debug|Any CPU = Debug|Any CPU
		Release|Any CPU = Release|Any CPU
	EndGlobalSection
	GlobalSection(ProjectConfigurationPlatforms) = postSolution
		{8119E615-5A82-43F6-BF31-DB917C01A18A}.Debug|Any CPU.ActiveCfg = Debug|Any CPU
		{8119E615-5A82-43F6-BF31-DB917C01A18A}.Debug|Any CPU.Build.0 = Debug|Any CPU
		{8119E615-5A82-43F6-BF31-DB917C01A18A}.Release|Any CPU.ActiveCfg = Release|Any CPU
		{8119E615-5A82-43F6-BF31-DB917C01A18A}.Release|Any CPU.Build.0 = Release|Any CPU
	EndGlobalSection
	GlobalSection(SolutionProperties) = preSolution
		HideSolutionNode = FALSE
	EndGlobalSection
	GlobalSection(ExtensibilityGlobals) = postSolution
		SolutionGuid = {CDC80BC1-8CE7-4FC8-82D4-BCAE70846AEC}
	EndGlobalSection
EndGlobal
