
Microsoft Visual Studio Solution File, Format Version 12.00
# Visual Studio Version 16
VisualStudioVersion = 16.0.29519.161
MinimumVisualStudioVersion = 10.0.40219.1
Project("{FAE04EC0-301F-11D3-BF4B-00C04F79EFBC}") = "InterfaceHierarchy", "InterfaceHierarchy\InterfaceHierarchy.csproj", "{1A41DBF6-F036-4434-A1F7-4E8699E66F19}"
EndProject
Global
	GlobalSection(SolutionConfigurationPlatforms) = preSolution
		Debug|Any CPU = Debug|Any CPU
		Release|Any CPU = Release|Any CPU
	EndGlobalSection
	GlobalSection(ProjectConfigurationPlatforms) = postSolution
		{1A41DBF6-F036-4434-A1F7-4E8699E66F19}.Debug|Any CPU.ActiveCfg = Debug|Any CPU
		{1A41DBF6-F036-4434-A1F7-4E8699E66F19}.Debug|Any CPU.Build.0 = Debug|Any CPU
		{1A41DBF6-F036-4434-A1F7-4E8699E66F19}.Release|Any CPU.ActiveCfg = Release|Any CPU
		{1A41DBF6-F036-4434-A1F7-4E8699E66F19}.Release|Any CPU.Build.0 = Release|Any CPU
	EndGlobalSection
	GlobalSection(SolutionProperties) = preSolution
		HideSolutionNode = FALSE
	EndGlobalSection
	GlobalSection(ExtensibilityGlobals) = postSolution
		SolutionGuid = {8878594B-38F3-4EFD-AC88-CB05565E7683}
	EndGlobalSection
EndGlobal
