
Microsoft Visual Studio Solution File, Format Version 12.00
# Visual Studio Version 16
VisualStudioVersion = 16.0.29519.161
MinimumVisualStudioVersion = 10.0.40219.1
Project("{FAE04EC0-301F-11D3-BF4B-00C04F79EFBC}") = "SimpleException", "SimpleException\SimpleException.csproj", "{331C08D9-D5AA-4870-8695-30D88498A666}"
EndProject
Global
	GlobalSection(SolutionConfigurationPlatforms) = preSolution
		Debug|Any CPU = Debug|Any CPU
		Release|Any CPU = Release|Any CPU
	EndGlobalSection
	GlobalSection(ProjectConfigurationPlatforms) = postSolution
		{331C08D9-D5AA-4870-8695-30D88498A666}.Debug|Any CPU.ActiveCfg = Debug|Any CPU
		{331C08D9-D5AA-4870-8695-30D88498A666}.Debug|Any CPU.Build.0 = Debug|Any CPU
		{331C08D9-D5AA-4870-8695-30D88498A666}.Release|Any CPU.ActiveCfg = Release|Any CPU
		{331C08D9-D5AA-4870-8695-30D88498A666}.Release|Any CPU.Build.0 = Release|Any CPU
	EndGlobalSection
	GlobalSection(SolutionProperties) = preSolution
		HideSolutionNode = FALSE
	EndGlobalSection
	GlobalSection(ExtensibilityGlobals) = postSolution
		SolutionGuid = {FDC6E74C-BB97-435A-AE33-8B63024933A4}
	EndGlobalSection
EndGlobal
