
Microsoft Visual Studio Solution File, Format Version 12.00
# Visual Studio Version 16
VisualStudioVersion = 16.0.29613.14
MinimumVisualStudioVersion = 10.0.40219.1
Project("{FAE04EC0-301F-11D3-BF4B-00C04F79EFBC}") = "FunWithObservableCollections", "FunWithObservableCollections\FunWithObservableCollections.csproj", "{8069375E-4AA6-4F28-93C0-FB99583E8F08}"
EndProject
Global
	GlobalSection(SolutionConfigurationPlatforms) = preSolution
		Debug|Any CPU = Debug|Any CPU
		Release|Any CPU = Release|Any CPU
	EndGlobalSection
	GlobalSection(ProjectConfigurationPlatforms) = postSolution
		{8069375E-4AA6-4F28-93C0-FB99583E8F08}.Debug|Any CPU.ActiveCfg = Debug|Any CPU
		{8069375E-4AA6-4F28-93C0-FB99583E8F08}.Debug|Any CPU.Build.0 = Debug|Any CPU
		{8069375E-4AA6-4F28-93C0-FB99583E8F08}.Release|Any CPU.ActiveCfg = Release|Any CPU
		{8069375E-4AA6-4F28-93C0-FB99583E8F08}.Release|Any CPU.Build.0 = Release|Any CPU
	EndGlobalSection
	GlobalSection(SolutionProperties) = preSolution
		HideSolutionNode = FALSE
	EndGlobalSection
	GlobalSection(ExtensibilityGlobals) = postSolution
		SolutionGuid = {36EBE0B7-3FAB-4FEF-9744-B5142F467D43}
	EndGlobalSection
EndGlobal
