
Microsoft Visual Studio Solution File, Format Version 12.00
# Visual Studio Version 16
VisualStudioVersion = 16.0.29905.134
MinimumVisualStudioVersion = 10.0.40219.1
Project("{FAE04EC0-301F-11D3-BF4B-00C04F79EFBC}") = "SimpleMultiThreadApp", "SimpleMultiThreadApp\SimpleMultiThreadApp.csproj", "{FAC74A05-DB14-4EC1-A703-68E14312FBB6}"
EndProject
Global
	GlobalSection(SolutionConfigurationPlatforms) = preSolution
		Debug|Any CPU = Debug|Any CPU
		Release|Any CPU = Release|Any CPU
	EndGlobalSection
	GlobalSection(ProjectConfigurationPlatforms) = postSolution
		{FAC74A05-DB14-4EC1-A703-68E14312FBB6}.Debug|Any CPU.ActiveCfg = Debug|Any CPU
		{FAC74A05-DB14-4EC1-A703-68E14312FBB6}.Debug|Any CPU.Build.0 = Debug|Any CPU
		{FAC74A05-DB14-4EC1-A703-68E14312FBB6}.Release|Any CPU.ActiveCfg = Release|Any CPU
		{FAC74A05-DB14-4EC1-A703-68E14312FBB6}.Release|Any CPU.Build.0 = Release|Any CPU
	EndGlobalSection
	GlobalSection(SolutionProperties) = preSolution
		HideSolutionNode = FALSE
	EndGlobalSection
	GlobalSection(ExtensibilityGlobals) = postSolution
		SolutionGuid = {0F164F5A-5473-4EB2-AA1C-75DD23F2A0E9}
	EndGlobalSection
EndGlobal
