
Microsoft Visual Studio Solution File, Format Version 12.00
# Visual Studio Version 16
VisualStudioVersion = 16.0.30114.128
MinimumVisualStudioVersion = 10.0.40219.1
Project("{FAE04EC0-301F-11D3-BF4B-00C04F79EFBC}") = "CustomDependencyProperty", "CustomDependencyProperty\CustomDependencyProperty.csproj", "{D3C72AA5-5D97-4C0C-8906-E257403870FF}"
EndProject
Global
	GlobalSection(SolutionConfigurationPlatforms) = preSolution
		Debug|Any CPU = Debug|Any CPU
		Release|Any CPU = Release|Any CPU
	EndGlobalSection
	GlobalSection(ProjectConfigurationPlatforms) = postSolution
		{D3C72AA5-5D97-4C0C-8906-E257403870FF}.Debug|Any CPU.ActiveCfg = Debug|Any CPU
		{D3C72AA5-5D97-4C0C-8906-E257403870FF}.Debug|Any CPU.Build.0 = Debug|Any CPU
		{D3C72AA5-5D97-4C0C-8906-E257403870FF}.Release|Any CPU.ActiveCfg = Release|Any CPU
		{D3C72AA5-5D97-4C0C-8906-E257403870FF}.Release|Any CPU.Build.0 = Release|Any CPU
	EndGlobalSection
	GlobalSection(SolutionProperties) = preSolution
		HideSolutionNode = FALSE
	EndGlobalSection
	GlobalSection(ExtensibilityGlobals) = postSolution
		SolutionGuid = {FB94937A-248C-423A-B823-A802A934568D}
	EndGlobalSection
EndGlobal
