
Microsoft Visual Studio Solution File, Format Version 12.00
# Visual Studio Version 16
VisualStudioVersion = 16.0.29613.14
MinimumVisualStudioVersion = 15.0.26124.0
Project("{9A19103F-16F7-4668-BE54-9A1E7A4F7556}") = "CustomException", "CustomException\CustomException\CustomException.csproj", "{30A6DD39-41C0-49A7-A415-C975D770C37F}"
EndProject
Project("{9A19103F-16F7-4668-BE54-9A1E7A4F7556}") = "ProcessMultipleExceptions", "ProcessMultipleExceptions\ProcessMultipleExceptions\ProcessMultipleExceptions.csproj", "{C1B962D4-9832-47D4-8AD7-911D10CA43C3}"
EndProject
Project("{9A19103F-16F7-4668-BE54-9A1E7A4F7556}") = "SimpleException", "SimpleException\SimpleException\SimpleException.csproj", "{464D0A2D-9C4A-415D-A9CA-00F20DD89423}"
EndProject
Global
	GlobalSection(SolutionConfigurationPlatforms) = preSolution
		Debug|Any CPU = Debug|Any CPU
		Debug|x64 = Debug|x64
		Debug|x86 = Debug|x86
		Release|Any CPU = Release|Any CPU
		Release|x64 = Release|x64
		Release|x86 = Release|x86
	EndGlobalSection
	GlobalSection(ProjectConfigurationPlatforms) = postSolution
		{30A6DD39-41C0-49A7-A415-C975D770C37F}.Debug|Any CPU.ActiveCfg = Debug|Any CPU
		{30A6DD39-41C0-49A7-A415-C975D770C37F}.Debug|Any CPU.Build.0 = Debug|Any CPU
		{30A6DD39-41C0-49A7-A415-C975D770C37F}.Debug|x64.ActiveCfg = Debug|Any CPU
		{30A6DD39-41C0-49A7-A415-C975D770C37F}.Debug|x64.Build.0 = Debug|Any CPU
		{30A6DD39-41C0-49A7-A415-C975D770C37F}.Debug|x86.ActiveCfg = Debug|Any CPU
		{30A6DD39-41C0-49A7-A415-C975D770C37F}.Debug|x86.Build.0 = Debug|Any CPU
		{30A6DD39-41C0-49A7-A415-C975D770C37F}.Release|Any CPU.ActiveCfg = Release|Any CPU
		{30A6DD39-41C0-49A7-A415-C975D770C37F}.Release|Any CPU.Build.0 = Release|Any CPU
		{30A6DD39-41C0-49A7-A415-C975D770C37F}.Release|x64.ActiveCfg = Release|Any CPU
		{30A6DD39-41C0-49A7-A415-C975D770C37F}.Release|x64.Build.0 = Release|Any CPU
		{30A6DD39-41C0-49A7-A415-C975D770C37F}.Release|x86.ActiveCfg = Release|Any CPU
		{30A6DD39-41C0-49A7-A415-C975D770C37F}.Release|x86.Build.0 = Release|Any CPU
		{C1B962D4-9832-47D4-8AD7-911D10CA43C3}.Debug|Any CPU.ActiveCfg = Debug|Any CPU
		{C1B962D4-9832-47D4-8AD7-911D10CA43C3}.Debug|Any CPU.Build.0 = Debug|Any CPU
		{C1B962D4-9832-47D4-8AD7-911D10CA43C3}.Debug|x64.ActiveCfg = Debug|Any CPU
		{C1B962D4-9832-47D4-8AD7-911D10CA43C3}.Debug|x64.Build.0 = Debug|Any CPU
		{C1B962D4-9832-47D4-8AD7-911D10CA43C3}.Debug|x86.ActiveCfg = Debug|Any CPU
		{C1B962D4-9832-47D4-8AD7-911D10CA43C3}.Debug|x86.Build.0 = Debug|Any CPU
		{C1B962D4-9832-47D4-8AD7-911D10CA43C3}.Release|Any CPU.ActiveCfg = Release|Any CPU
		{C1B962D4-9832-47D4-8AD7-911D10CA43C3}.Release|Any CPU.Build.0 = Release|Any CPU
		{C1B962D4-9832-47D4-8AD7-911D10CA43C3}.Release|x64.ActiveCfg = Release|Any CPU
		{C1B962D4-9832-47D4-8AD7-911D10CA43C3}.Release|x64.Build.0 = Release|Any CPU
		{C1B962D4-9832-47D4-8AD7-911D10CA43C3}.Release|x86.ActiveCfg = Release|Any CPU
		{C1B962D4-9832-47D4-8AD7-911D10CA43C3}.Release|x86.Build.0 = Release|Any CPU
		{464D0A2D-9C4A-415D-A9CA-00F20DD89423}.Debug|Any CPU.ActiveCfg = Debug|Any CPU
		{464D0A2D-9C4A-415D-A9CA-00F20DD89423}.Debug|Any CPU.Build.0 = Debug|Any CPU
		{464D0A2D-9C4A-415D-A9CA-00F20DD89423}.Debug|x64.ActiveCfg = Debug|Any CPU
		{464D0A2D-9C4A-415D-A9CA-00F20DD89423}.Debug|x64.Build.0 = Debug|Any CPU
		{464D0A2D-9C4A-415D-A9CA-00F20DD89423}.Debug|x86.ActiveCfg = Debug|Any CPU
		{464D0A2D-9C4A-415D-A9CA-00F20DD89423}.Debug|x86.Build.0 = Debug|Any CPU
		{464D0A2D-9C4A-415D-A9CA-00F20DD89423}.Release|Any CPU.ActiveCfg = Release|Any CPU
		{464D0A2D-9C4A-415D-A9CA-00F20DD89423}.Release|Any CPU.Build.0 = Release|Any CPU
		{464D0A2D-9C4A-415D-A9CA-00F20DD89423}.Release|x64.ActiveCfg = Release|Any CPU
		{464D0A2D-9C4A-415D-A9CA-00F20DD89423}.Release|x64.Build.0 = Release|Any CPU
		{464D0A2D-9C4A-415D-A9CA-00F20DD89423}.Release|x86.ActiveCfg = Release|Any CPU
		{464D0A2D-9C4A-415D-A9CA-00F20DD89423}.Release|x86.Build.0 = Release|Any CPU
	EndGlobalSection
	GlobalSection(SolutionProperties) = preSolution
		HideSolutionNode = FALSE
	EndGlobalSection
	GlobalSection(ExtensibilityGlobals) = postSolution
		SolutionGuid = {0A9183C0-3EE0-455F-965C-386037CF8372}
	EndGlobalSection
EndGlobal
