
Microsoft Visual Studio Solution File, Format Version 12.00
# Visual Studio Version 16
VisualStudioVersion = 16.0.29728.190
MinimumVisualStudioVersion = 10.0.40219.1
Project("{FAE04EC0-301F-11D3-BF4B-00C04F79EFBC}") = "ActionAndFuncDelegates", "ActionAndFuncDelegates\ActionAndFuncDelegates.csproj", "{4BA1B13A-CD00-429C-9D28-13DE7B9C5857}"
EndProject
Global
	GlobalSection(SolutionConfigurationPlatforms) = preSolution
		Debug|Any CPU = Debug|Any CPU
		Release|Any CPU = Release|Any CPU
	EndGlobalSection
	GlobalSection(ProjectConfigurationPlatforms) = postSolution
		{4BA1B13A-CD00-429C-9D28-13DE7B9C5857}.Debug|Any CPU.ActiveCfg = Debug|Any CPU
		{4BA1B13A-CD00-429C-9D28-13DE7B9C5857}.Debug|Any CPU.Build.0 = Debug|Any CPU
		{4BA1B13A-CD00-429C-9D28-13DE7B9C5857}.Release|Any CPU.ActiveCfg = Release|Any CPU
		{4BA1B13A-CD00-429C-9D28-13DE7B9C5857}.Release|Any CPU.Build.0 = Release|Any CPU
	EndGlobalSection
	GlobalSection(SolutionProperties) = preSolution
		HideSolutionNode = FALSE
	EndGlobalSection
	GlobalSection(ExtensibilityGlobals) = postSolution
		SolutionGuid = {130C87A2-1F13-407A-B733-5A740B13A2FC}
	EndGlobalSection
EndGlobal
