
Microsoft Visual Studio Solution File, Format Version 12.00
# Visual Studio Version 16
VisualStudioVersion = 16.0.29411.138
MinimumVisualStudioVersion = 10.0.40219.1
Project("{FAE04EC0-301F-11D3-BF4B-00C04F79EFBC}") = "BasicDataTypes", "BasicDataTypes\BasicDataTypes.csproj", "{4CF7D124-0D73-4926-88A7-6A870B34657E}"
EndProject
Global
	GlobalSection(SolutionConfigurationPlatforms) = preSolution
		Debug|Any CPU = Debug|Any CPU
		Release|Any CPU = Release|Any CPU
	EndGlobalSection
	GlobalSection(ProjectConfigurationPlatforms) = postSolution
		{4CF7D124-0D73-4926-88A7-6A870B34657E}.Debug|Any CPU.ActiveCfg = Debug|Any CPU
		{4CF7D124-0D73-4926-88A7-6A870B34657E}.Debug|Any CPU.Build.0 = Debug|Any CPU
		{4CF7D124-0D73-4926-88A7-6A870B34657E}.Release|Any CPU.ActiveCfg = Release|Any CPU
		{4CF7D124-0D73-4926-88A7-6A870B34657E}.Release|Any CPU.Build.0 = Release|Any CPU
	EndGlobalSection
	GlobalSection(SolutionProperties) = preSolution
		HideSolutionNode = FALSE
	EndGlobalSection
	GlobalSection(ExtensibilityGlobals) = postSolution
		SolutionGuid = {0D82458D-2543-4777-8BFD-EAF8E67850D8}
	EndGlobalSection
EndGlobal
