
Microsoft Visual Studio Solution File, Format Version 12.00
# Visual Studio Version 16
VisualStudioVersion = 16.0.30114.128
MinimumVisualStudioVersion = 10.0.40219.1
Project("{FAE04EC0-301F-11D3-BF4B-00C04F79EFBC}") = "WpfTesterApp", "WpfTesterApp\WpfTesterApp.csproj", "{037437B7-6625-4126-B2E7-9E5CA6C4601E}"
EndProject
Global
	GlobalSection(SolutionConfigurationPlatforms) = preSolution
		Debug|Any CPU = Debug|Any CPU
		Release|Any CPU = Release|Any CPU
	EndGlobalSection
	GlobalSection(ProjectConfigurationPlatforms) = postSolution
		{037437B7-6625-4126-B2E7-9E5CA6C4601E}.Debug|Any CPU.ActiveCfg = Debug|Any CPU
		{037437B7-6625-4126-B2E7-9E5CA6C4601E}.Debug|Any CPU.Build.0 = Debug|Any CPU
		{037437B7-6625-4126-B2E7-9E5CA6C4601E}.Release|Any CPU.ActiveCfg = Release|Any CPU
		{037437B7-6625-4126-B2E7-9E5CA6C4601E}.Release|Any CPU.Build.0 = Release|Any CPU
	EndGlobalSection
	GlobalSection(SolutionProperties) = preSolution
		HideSolutionNode = FALSE
	EndGlobalSection
	GlobalSection(ExtensibilityGlobals) = postSolution
		SolutionGuid = {C8966A41-AAAC-49D8-9F40-DA017A171DC7}
	EndGlobalSection
EndGlobal
