
Microsoft Visual Studio Solution File, Format Version 12.00
# Visual Studio Version 16
VisualStudioVersion = 16.0.30011.22
MinimumVisualStudioVersion = 10.0.40219.1
Project("{FAE04EC0-301F-11D3-BF4B-00C04F79EFBC}") = "DirectoryApp", "DirectoryApp\DirectoryApp.csproj", "{D5BC836B-1709-4E4D-A659-0DD8B58E020D}"
EndProject
Global
	GlobalSection(SolutionConfigurationPlatforms) = preSolution
		Debug|Any CPU = Debug|Any CPU
		Release|Any CPU = Release|Any CPU
	EndGlobalSection
	GlobalSection(ProjectConfigurationPlatforms) = postSolution
		{D5BC836B-1709-4E4D-A659-0DD8B58E020D}.Debug|Any CPU.ActiveCfg = Debug|Any CPU
		{D5BC836B-1709-4E4D-A659-0DD8B58E020D}.Debug|Any CPU.Build.0 = Debug|Any CPU
		{D5BC836B-1709-4E4D-A659-0DD8B58E020D}.Release|Any CPU.ActiveCfg = Release|Any CPU
		{D5BC836B-1709-4E4D-A659-0DD8B58E020D}.Release|Any CPU.Build.0 = Release|Any CPU
	EndGlobalSection
	GlobalSection(SolutionProperties) = preSolution
		HideSolutionNode = FALSE
	EndGlobalSection
	GlobalSection(ExtensibilityGlobals) = postSolution
		SolutionGuid = {0FD054E3-7605-4A12-BC13-4970B18B3C5D}
	EndGlobalSection
EndGlobal
