
Microsoft Visual Studio Solution File, Format Version 12.00
# Visual Studio Version 16
VisualStudioVersion = 16.0.29519.161
MinimumVisualStudioVersion = 10.0.40219.1
Project("{FAE04EC0-301F-11D3-BF4B-00C04F79EFBC}") = "BasicInheritance", "BasicInheritance\BasicInheritance.csproj", "{49B9DE47-BCBA-43D2-BEA7-15A65BDB723D}"
EndProject
Global
	GlobalSection(SolutionConfigurationPlatforms) = preSolution
		Debug|Any CPU = Debug|Any CPU
		Release|Any CPU = Release|Any CPU
	EndGlobalSection
	GlobalSection(ProjectConfigurationPlatforms) = postSolution
		{49B9DE47-BCBA-43D2-BEA7-15A65BDB723D}.Debug|Any CPU.ActiveCfg = Debug|Any CPU
		{49B9DE47-BCBA-43D2-BEA7-15A65BDB723D}.Debug|Any CPU.Build.0 = Debug|Any CPU
		{49B9DE47-BCBA-43D2-BEA7-15A65BDB723D}.Release|Any CPU.ActiveCfg = Release|Any CPU
		{49B9DE47-BCBA-43D2-BEA7-15A65BDB723D}.Release|Any CPU.Build.0 = Release|Any CPU
	EndGlobalSection
	GlobalSection(SolutionProperties) = preSolution
		HideSolutionNode = FALSE
	EndGlobalSection
	GlobalSection(ExtensibilityGlobals) = postSolution
		SolutionGuid = {32514EEB-998A-4E7A-A3D8-46F337BC3B7B}
	EndGlobalSection
EndGlobal
