
Microsoft Visual Studio Solution File, Format Version 12.00
# Visual Studio Version 16
VisualStudioVersion = 16.0.30114.128
MinimumVisualStudioVersion = 10.0.40219.1
Project("{9A19103F-16F7-4668-BE54-9A1E7A4F7556}") = "WpfMvvm", "WpfMvvm\WpfMvvm.csproj", "{839FAEAD-2BF9-4400-955B-F109AA3184D2}"
EndProject
Project("{9A19103F-16F7-4668-BE54-9A1E7A4F7556}") = "AutoLot.Dal.Models", "AutoLot.Dal.Models\AutoLot.Dal.Models.csproj", "{89C8A1CD-9385-4A5E-BB9D-12F8082BABB0}"
EndProject
Project("{9A19103F-16F7-4668-BE54-9A1E7A4F7556}") = "AutoLot.Dal", "AutoLot.Dal\AutoLot.Dal.csproj", "{4FF63FCC-3788-47DD-A54B-DB7F4522B2B3}"
EndProject
Global
	GlobalSection(SolutionConfigurationPlatforms) = preSolution
		Debug|Any CPU = Debug|Any CPU
		Release|Any CPU = Release|Any CPU
	EndGlobalSection
	GlobalSection(ProjectConfigurationPlatforms) = postSolution
		{839FAEAD-2BF9-4400-955B-F109AA3184D2}.Debug|Any CPU.ActiveCfg = Debug|Any CPU
		{839FAEAD-2BF9-4400-955B-F109AA3184D2}.Debug|Any CPU.Build.0 = Debug|Any CPU
		{839FAEAD-2BF9-4400-955B-F109AA3184D2}.Release|Any CPU.ActiveCfg = Release|Any CPU
		{839FAEAD-2BF9-4400-955B-F109AA3184D2}.Release|Any CPU.Build.0 = Release|Any CPU
		{89C8A1CD-9385-4A5E-BB9D-12F8082BABB0}.Debug|Any CPU.ActiveCfg = Debug|Any CPU
		{89C8A1CD-9385-4A5E-BB9D-12F8082BABB0}.Debug|Any CPU.Build.0 = Debug|Any CPU
		{89C8A1CD-9385-4A5E-BB9D-12F8082BABB0}.Release|Any CPU.ActiveCfg = Release|Any CPU
		{89C8A1CD-9385-4A5E-BB9D-12F8082BABB0}.Release|Any CPU.Build.0 = Release|Any CPU
		{4FF63FCC-3788-47DD-A54B-DB7F4522B2B3}.Debug|Any CPU.ActiveCfg = Debug|Any CPU
		{4FF63FCC-3788-47DD-A54B-DB7F4522B2B3}.Debug|Any CPU.Build.0 = Debug|Any CPU
		{4FF63FCC-3788-47DD-A54B-DB7F4522B2B3}.Release|Any CPU.ActiveCfg = Release|Any CPU
		{4FF63FCC-3788-47DD-A54B-DB7F4522B2B3}.Release|Any CPU.Build.0 = Release|Any CPU
	EndGlobalSection
	GlobalSection(SolutionProperties) = preSolution
		HideSolutionNode = FALSE
	EndGlobalSection
	GlobalSection(ExtensibilityGlobals) = postSolution
		SolutionGuid = {95570F96-BD26-4191-8A5D-D4861492649E}
	EndGlobalSection
EndGlobal
