
Microsoft Visual Studio Solution File, Format Version 12.00
# Visual Studio Version 16
VisualStudioVersion = 16.0.29519.161
MinimumVisualStudioVersion = 10.0.40219.1
Project("{FAE04EC0-301F-11D3-BF4B-00C04F79EFBC}") = "ObjectInitializers", "ObjectInitializers\ObjectInitializers.csproj", "{4FD15B21-5FDA-4F70-9053-A87102572684}"
EndProject
Global
	GlobalSection(SolutionConfigurationPlatforms) = preSolution
		Debug|Any CPU = Debug|Any CPU
		Release|Any CPU = Release|Any CPU
	EndGlobalSection
	GlobalSection(ProjectConfigurationPlatforms) = postSolution
		{4FD15B21-5FDA-4F70-9053-A87102572684}.Debug|Any CPU.ActiveCfg = Debug|Any CPU
		{4FD15B21-5FDA-4F70-9053-A87102572684}.Debug|Any CPU.Build.0 = Debug|Any CPU
		{4FD15B21-5FDA-4F70-9053-A87102572684}.Release|Any CPU.ActiveCfg = Release|Any CPU
		{4FD15B21-5FDA-4F70-9053-A87102572684}.Release|Any CPU.Build.0 = Release|Any CPU
	EndGlobalSection
	GlobalSection(SolutionProperties) = preSolution
		HideSolutionNode = FALSE
	EndGlobalSection
	GlobalSection(ExtensibilityGlobals) = postSolution
		SolutionGuid = {4EA263FD-D490-47BB-B0F3-9F01F76B6A24}
	EndGlobalSection
EndGlobal
