
Microsoft Visual Studio Solution File, Format Version 12.00
# Visual Studio Version 16
VisualStudioVersion = 16.0.30011.22
MinimumVisualStudioVersion = 10.0.40219.1
Project("{FAE04EC0-301F-11D3-BF4B-00C04F79EFBC}") = "StringReaderWriterApp", "StringReaderWriterApp\StringReaderWriterApp.csproj", "{9C828798-5B45-49F7-99A6-0FF77D7B1687}"
EndProject
Global
	GlobalSection(SolutionConfigurationPlatforms) = preSolution
		Debug|Any CPU = Debug|Any CPU
		Release|Any CPU = Release|Any CPU
	EndGlobalSection
	GlobalSection(ProjectConfigurationPlatforms) = postSolution
		{9C828798-5B45-49F7-99A6-0FF77D7B1687}.Debug|Any CPU.ActiveCfg = Debug|Any CPU
		{9C828798-5B45-49F7-99A6-0FF77D7B1687}.Debug|Any CPU.Build.0 = Debug|Any CPU
		{9C828798-5B45-49F7-99A6-0FF77D7B1687}.Release|Any CPU.ActiveCfg = Release|Any CPU
		{9C828798-5B45-49F7-99A6-0FF77D7B1687}.Release|Any CPU.Build.0 = Release|Any CPU
	EndGlobalSection
	GlobalSection(SolutionProperties) = preSolution
		HideSolutionNode = FALSE
	EndGlobalSection
	GlobalSection(ExtensibilityGlobals) = postSolution
		SolutionGuid = {F5F857F7-B3A3-4688-8912-F40ABC9FB24F}
	EndGlobalSection
EndGlobal
