
Microsoft Visual Studio Solution File, Format Version 12.00
# Visual Studio Version 16
VisualStudioVersion = 16.0.29411.138
MinimumVisualStudioVersion = 10.0.40219.1
Project("{9A19103F-16F7-4668-BE54-9A1E7A4F7556}") = "FunWithStrings", "FunWithStrings\FunWithStrings.csproj", "{6835D294-DEA3-4E99-806F-DEE0AC4A96E2}"
EndProject
Global
	GlobalSection(SolutionConfigurationPlatforms) = preSolution
		Debug|Any CPU = Debug|Any CPU
		Release|Any CPU = Release|Any CPU
	EndGlobalSection
	GlobalSection(ProjectConfigurationPlatforms) = postSolution
		{6835D294-DEA3-4E99-806F-DEE0AC4A96E2}.Debug|Any CPU.ActiveCfg = Debug|Any CPU
		{6835D294-DEA3-4E99-806F-DEE0AC4A96E2}.Debug|Any CPU.Build.0 = Debug|Any CPU
		{6835D294-DEA3-4E99-806F-DEE0AC4A96E2}.Release|Any CPU.ActiveCfg = Release|Any CPU
		{6835D294-DEA3-4E99-806F-DEE0AC4A96E2}.Release|Any CPU.Build.0 = Release|Any CPU
	EndGlobalSection
	GlobalSection(SolutionProperties) = preSolution
		HideSolutionNode = FALSE
	EndGlobalSection
	GlobalSection(ExtensibilityGlobals) = postSolution
		SolutionGuid = {AEDDFFD9-A47B-4D3E-908C-9A150C3A2467}
	EndGlobalSection
EndGlobal
