
Microsoft Visual Studio Solution File, Format Version 12.00
# Visual Studio Version 16
VisualStudioVersion = 16.0.29920.165
MinimumVisualStudioVersion = 10.0.40219.1
Project("{FAE04EC0-301F-11D3-BF4B-00C04F79EFBC}") = "LateBindingWithDynamic", "LateBindingWithDynamic\LateBindingWithDynamic.csproj", "{8C9110E8-AB41-4DAC-A0F9-3323C4B3B86F}"
	ProjectSection(ProjectDependencies) = postProject
		{0119F16B-9A85-4803-BA0F-D68FBFEF7644} = {0119F16B-9A85-4803-BA0F-D68FBFEF7644}
	EndProjectSection
EndProject
Project("{FAE04EC0-301F-11D3-BF4B-00C04F79EFBC}") = "MathLibrary", "MathLibrary\MathLibrary.csproj", "{0119F16B-9A85-4803-BA0F-D68FBFEF7644}"
EndProject
Global
	GlobalSection(SolutionConfigurationPlatforms) = preSolution
		Debug|Any CPU = Debug|Any CPU
		Release|Any CPU = Release|Any CPU
	EndGlobalSection
	GlobalSection(ProjectConfigurationPlatforms) = postSolution
		{8C9110E8-AB41-4DAC-A0F9-3323C4B3B86F}.Debug|Any CPU.ActiveCfg = Debug|Any CPU
		{8C9110E8-AB41-4DAC-A0F9-3323C4B3B86F}.Debug|Any CPU.Build.0 = Debug|Any CPU
		{8C9110E8-AB41-4DAC-A0F9-3323C4B3B86F}.Release|Any CPU.ActiveCfg = Release|Any CPU
		{8C9110E8-AB41-4DAC-A0F9-3323C4B3B86F}.Release|Any CPU.Build.0 = Release|Any CPU
		{0119F16B-9A85-4803-BA0F-D68FBFEF7644}.Debug|Any CPU.ActiveCfg = Debug|Any CPU
		{0119F16B-9A85-4803-BA0F-D68FBFEF7644}.Debug|Any CPU.Build.0 = Debug|Any CPU
		{0119F16B-9A85-4803-BA0F-D68FBFEF7644}.Release|Any CPU.ActiveCfg = Release|Any CPU
		{0119F16B-9A85-4803-BA0F-D68FBFEF7644}.Release|Any CPU.Build.0 = Release|Any CPU
	EndGlobalSection
	GlobalSection(SolutionProperties) = preSolution
		HideSolutionNode = FALSE
	EndGlobalSection
	GlobalSection(ExtensibilityGlobals) = postSolution
		SolutionGuid = {24B8ACB6-CA55-4F41-A3A3-86F0C1FB369F}
	EndGlobalSection
EndGlobal
