
Microsoft Visual Studio Solution File, Format Version 12.00
# Visual Studio Version 16
VisualStudioVersion = 16.0.29905.134
MinimumVisualStudioVersion = 10.0.40219.1
Project("{9A19103F-16F7-4668-BE54-9A1E7A4F7556}") = "DefaultAppDomainApp", "DefaultAppDomainApp\DefaultAppDomainApp\DefaultAppDomainApp.csproj", "{37856CE8-16EB-45E0-B60A-3A03F9AED0ED}"
EndProject
Project("{9A19103F-16F7-4668-BE54-9A1E7A4F7556}") = "ClassLibrary1", "DefaultAppDomainApp\ClassLibrary1\ClassLibrary1.csproj", "{CD73BCE7-246C-46EA-9A3E-A7B756EC82E7}"
EndProject
Project("{9A19103F-16F7-4668-BE54-9A1E7A4F7556}") = "ProcessManipulator", "ProcessManipulator\ProcessManipulator\ProcessManipulator.csproj", "{B4C0BCD0-9C15-44F9-A4BB-88700DF0191D}"
EndProject
Global
	GlobalSection(SolutionConfigurationPlatforms) = preSolution
		Debug|Any CPU = Debug|Any CPU
		Release|Any CPU = Release|Any CPU
	EndGlobalSection
	GlobalSection(ProjectConfigurationPlatforms) = postSolution
		{37856CE8-16EB-45E0-B60A-3A03F9AED0ED}.Debug|Any CPU.ActiveCfg = Debug|Any CPU
		{37856CE8-16EB-45E0-B60A-3A03F9AED0ED}.Debug|Any CPU.Build.0 = Debug|Any CPU
		{37856CE8-16EB-45E0-B60A-3A03F9AED0ED}.Release|Any CPU.ActiveCfg = Release|Any CPU
		{37856CE8-16EB-45E0-B60A-3A03F9AED0ED}.Release|Any CPU.Build.0 = Release|Any CPU
		{CD73BCE7-246C-46EA-9A3E-A7B756EC82E7}.Debug|Any CPU.ActiveCfg = Debug|Any CPU
		{CD73BCE7-246C-46EA-9A3E-A7B756EC82E7}.Debug|Any CPU.Build.0 = Debug|Any CPU
		{CD73BCE7-246C-46EA-9A3E-A7B756EC82E7}.Release|Any CPU.ActiveCfg = Release|Any CPU
		{CD73BCE7-246C-46EA-9A3E-A7B756EC82E7}.Release|Any CPU.Build.0 = Release|Any CPU
		{B4C0BCD0-9C15-44F9-A4BB-88700DF0191D}.Debug|Any CPU.ActiveCfg = Debug|Any CPU
		{B4C0BCD0-9C15-44F9-A4BB-88700DF0191D}.Debug|Any CPU.Build.0 = Debug|Any CPU
		{B4C0BCD0-9C15-44F9-A4BB-88700DF0191D}.Release|Any CPU.ActiveCfg = Release|Any CPU
		{B4C0BCD0-9C15-44F9-A4BB-88700DF0191D}.Release|Any CPU.Build.0 = Release|Any CPU
	EndGlobalSection
	GlobalSection(SolutionProperties) = preSolution
		HideSolutionNode = FALSE
	EndGlobalSection
	GlobalSection(ExtensibilityGlobals) = postSolution
		SolutionGuid = {26296A45-4916-465B-B47D-7443C47B5ED4}
	EndGlobalSection
EndGlobal
