
Microsoft Visual Studio Solution File, Format Version 12.00
# Visual Studio Version 16
VisualStudioVersion = 16.0.29920.165
MinimumVisualStudioVersion = 10.0.40219.1
Project("{FAE04EC0-301F-11D3-BF4B-00C04F79EFBC}") = "CilTypesConsumer", "CilTypesConsumer\CilTypesConsumer.csproj", "{BC950965-3515-41F2-AAB4-23C679B1ADDF}"
EndProject
Project("{FAE04EC0-301F-11D3-BF4B-00C04F79EFBC}") = "CILCars", "CILCars\CILCars.csproj", "{2C1B7C4D-A962-4A9F-84C5-0C243ACC9C37}"
EndProject
Global
	GlobalSection(SolutionConfigurationPlatforms) = preSolution
		Debug|Any CPU = Debug|Any CPU
		Release|Any CPU = Release|Any CPU
	EndGlobalSection
	GlobalSection(ProjectConfigurationPlatforms) = postSolution
		{BC950965-3515-41F2-AAB4-23C679B1ADDF}.Debug|Any CPU.ActiveCfg = Debug|Any CPU
		{BC950965-3515-41F2-AAB4-23C679B1ADDF}.Debug|Any CPU.Build.0 = Debug|Any CPU
		{BC950965-3515-41F2-AAB4-23C679B1ADDF}.Release|Any CPU.ActiveCfg = Release|Any CPU
		{BC950965-3515-41F2-AAB4-23C679B1ADDF}.Release|Any CPU.Build.0 = Release|Any CPU
		{2C1B7C4D-A962-4A9F-84C5-0C243ACC9C37}.Debug|Any CPU.ActiveCfg = Debug|Any CPU
		{2C1B7C4D-A962-4A9F-84C5-0C243ACC9C37}.Debug|Any CPU.Build.0 = Debug|Any CPU
		{2C1B7C4D-A962-4A9F-84C5-0C243ACC9C37}.Release|Any CPU.ActiveCfg = Release|Any CPU
		{2C1B7C4D-A962-4A9F-84C5-0C243ACC9C37}.Release|Any CPU.Build.0 = Release|Any CPU
	EndGlobalSection
	GlobalSection(SolutionProperties) = preSolution
		HideSolutionNode = FALSE
	EndGlobalSection
	GlobalSection(ExtensibilityGlobals) = postSolution
		SolutionGuid = {342F54AA-A436-4220-AF3E-645ACA28C29F}
	EndGlobalSection
EndGlobal
