
Microsoft Visual Studio Solution File, Format Version 12.00
# Visual Studio Version 16
VisualStudioVersion = 16.0.29519.161
MinimumVisualStudioVersion = 10.0.40219.1
Project("{FAE04EC0-301F-11D3-BF4B-00C04F79EFBC}") = "StaticDataAndMembers", "StaticDataAndMembers\StaticDataAndMembers.csproj", "{94F88CB6-AC61-47FC-8F25-AA5B002D9FCC}"
EndProject
Global
	GlobalSection(SolutionConfigurationPlatforms) = preSolution
		Debug|Any CPU = Debug|Any CPU
		Release|Any CPU = Release|Any CPU
	EndGlobalSection
	GlobalSection(ProjectConfigurationPlatforms) = postSolution
		{94F88CB6-AC61-47FC-8F25-AA5B002D9FCC}.Debug|Any CPU.ActiveCfg = Debug|Any CPU
		{94F88CB6-AC61-47FC-8F25-AA5B002D9FCC}.Debug|Any CPU.Build.0 = Debug|Any CPU
		{94F88CB6-AC61-47FC-8F25-AA5B002D9FCC}.Release|Any CPU.ActiveCfg = Release|Any CPU
		{94F88CB6-AC61-47FC-8F25-AA5B002D9FCC}.Release|Any CPU.Build.0 = Release|Any CPU
	EndGlobalSection
	GlobalSection(SolutionProperties) = preSolution
		HideSolutionNode = FALSE
	EndGlobalSection
	GlobalSection(ExtensibilityGlobals) = postSolution
		SolutionGuid = {7C278CF6-82F9-4C57-9975-F2222452303E}
	EndGlobalSection
EndGlobal
