
Microsoft Visual Studio Solution File, Format Version 12.00
# Visual Studio Version 16
VisualStudioVersion = 16.0.29920.165
MinimumVisualStudioVersion = 10.0.40219.1
Project("{FAE04EC0-301F-11D3-BF4B-00C04F79EFBC}") = "DynamicKeyword", "DynamicKeyword\DynamicKeyword.csproj", "{7BA05DDF-D4BE-4132-89BE-9A563DDF1EE8}"
EndProject
Global
	GlobalSection(SolutionConfigurationPlatforms) = preSolution
		Debug|Any CPU = Debug|Any CPU
		Release|Any CPU = Release|Any CPU
	EndGlobalSection
	GlobalSection(ProjectConfigurationPlatforms) = postSolution
		{7BA05DDF-D4BE-4132-89BE-9A563DDF1EE8}.Debug|Any CPU.ActiveCfg = Debug|Any CPU
		{7BA05DDF-D4BE-4132-89BE-9A563DDF1EE8}.Debug|Any CPU.Build.0 = Debug|Any CPU
		{7BA05DDF-D4BE-4132-89BE-9A563DDF1EE8}.Release|Any CPU.ActiveCfg = Release|Any CPU
		{7BA05DDF-D4BE-4132-89BE-9A563DDF1EE8}.Release|Any CPU.Build.0 = Release|Any CPU
	EndGlobalSection
	GlobalSection(SolutionProperties) = preSolution
		HideSolutionNode = FALSE
	EndGlobalSection
	GlobalSection(ExtensibilityGlobals) = postSolution
		SolutionGuid = {7061172F-C169-48EE-8EC6-7D62F731A312}
	EndGlobalSection
EndGlobal
