
Microsoft Visual Studio Solution File, Format Version 12.00
# Visual Studio Version 16
VisualStudioVersion = 16.0.29519.161
MinimumVisualStudioVersion = 10.0.40219.1
Project("{FAE04EC0-301F-11D3-BF4B-00C04F79EFBC}") = "SimpleClassExample", "SimpleClassExample\SimpleClassExample.csproj", "{F3E306F6-5F4E-4591-8695-A5BDE529FAA0}"
EndProject
Global
	GlobalSection(SolutionConfigurationPlatforms) = preSolution
		Debug|Any CPU = Debug|Any CPU
		Release|Any CPU = Release|Any CPU
	EndGlobalSection
	GlobalSection(ProjectConfigurationPlatforms) = postSolution
		{F3E306F6-5F4E-4591-8695-A5BDE529FAA0}.Debug|Any CPU.ActiveCfg = Debug|Any CPU
		{F3E306F6-5F4E-4591-8695-A5BDE529FAA0}.Debug|Any CPU.Build.0 = Debug|Any CPU
		{F3E306F6-5F4E-4591-8695-A5BDE529FAA0}.Release|Any CPU.ActiveCfg = Release|Any CPU
		{F3E306F6-5F4E-4591-8695-A5BDE529FAA0}.Release|Any CPU.Build.0 = Release|Any CPU
	EndGlobalSection
	GlobalSection(SolutionProperties) = preSolution
		HideSolutionNode = FALSE
	EndGlobalSection
	GlobalSection(ExtensibilityGlobals) = postSolution
		SolutionGuid = {006851EA-CBF3-4034-956A-C370B55141A3}
	EndGlobalSection
EndGlobal
