
Microsoft Visual Studio Solution File, Format Version 12.00
# Visual Studio Version 16
VisualStudioVersion = 16.0.29911.84
MinimumVisualStudioVersion = 10.0.40219.1
Project("{9A19103F-16F7-4668-BE54-9A1E7A4F7556}") = "CarLibrary", "CarLibrary\CarLibrary.csproj", "{6F6841C4-6B70-4192-84FB-083B352BEC07}"
EndProject
Project("{9A19103F-16F7-4668-BE54-9A1E7A4F7556}") = "CSharpCarClient", "CSharpCarClient\CSharpCarClient.csproj", "{15FB36DA-72FB-4918-B69A-87B3C8512D1F}"
EndProject
Project("{778DAE3C-4631-46EA-AA77-85C1314464D9}") = "VisualBasicCarClient", "VisualBasicCarClient\VisualBasicCarClient.vbproj", "{638FB095-DAF6-4D51-B677-97D6738D587B}"
EndProject
Project("{2150E333-8FDC-42A3-9474-1A3956D46DE8}") = "SolutionItems", "SolutionItems", "{01B113D4-F2D7-4049-A16B-B443523C2652}"
	ProjectSection(SolutionItems) = preProject
		NuGet.Config = NuGet.Config
	EndProjectSection
EndProject
Global
	GlobalSection(SolutionConfigurationPlatforms) = preSolution
		Debug|Any CPU = Debug|Any CPU
		Release|Any CPU = Release|Any CPU
	EndGlobalSection
	GlobalSection(ProjectConfigurationPlatforms) = postSolution
		{6F6841C4-6B70-4192-84FB-083B352BEC07}.Debug|Any CPU.ActiveCfg = Debug|Any CPU
		{6F6841C4-6B70-4192-84FB-083B352BEC07}.Debug|Any CPU.Build.0 = Debug|Any CPU
		{6F6841C4-6B70-4192-84FB-083B352BEC07}.Release|Any CPU.ActiveCfg = Release|Any CPU
		{6F6841C4-6B70-4192-84FB-083B352BEC07}.Release|Any CPU.Build.0 = Release|Any CPU
		{15FB36DA-72FB-4918-B69A-87B3C8512D1F}.Debug|Any CPU.ActiveCfg = Debug|Any CPU
		{15FB36DA-72FB-4918-B69A-87B3C8512D1F}.Debug|Any CPU.Build.0 = Debug|Any CPU
		{15FB36DA-72FB-4918-B69A-87B3C8512D1F}.Release|Any CPU.ActiveCfg = Release|Any CPU
		{15FB36DA-72FB-4918-B69A-87B3C8512D1F}.Release|Any CPU.Build.0 = Release|Any CPU
		{638FB095-DAF6-4D51-B677-97D6738D587B}.Debug|Any CPU.ActiveCfg = Debug|Any CPU
		{638FB095-DAF6-4D51-B677-97D6738D587B}.Debug|Any CPU.Build.0 = Debug|Any CPU
		{638FB095-DAF6-4D51-B677-97D6738D587B}.Release|Any CPU.ActiveCfg = Release|Any CPU
		{638FB095-DAF6-4D51-B677-97D6738D587B}.Release|Any CPU.Build.0 = Release|Any CPU
	EndGlobalSection
	GlobalSection(SolutionProperties) = preSolution
		HideSolutionNode = FALSE
	EndGlobalSection
	GlobalSection(ExtensibilityGlobals) = postSolution
		SolutionGuid = {A08F775B-37D9-4D46-8377-5EA3964517CD}
	EndGlobalSection
EndGlobal
