
Microsoft Visual Studio Solution File, Format Version 12.00
# Visual Studio Version 16
VisualStudioVersion = 16.0.29519.161
MinimumVisualStudioVersion = 10.0.40219.1
Project("{FAE04EC0-301F-11D3-BF4B-00C04F79EFBC}") = "CustomEnumerator", "CustomEnumerator\CustomEnumerator.csproj", "{F648C281-EAFC-4A05-87A8-CE05110911DB}"
EndProject
Global
	GlobalSection(SolutionConfigurationPlatforms) = preSolution
		Debug|Any CPU = Debug|Any CPU
		Release|Any CPU = Release|Any CPU
	EndGlobalSection
	GlobalSection(ProjectConfigurationPlatforms) = postSolution
		{F648C281-EAFC-4A05-87A8-CE05110911DB}.Debug|Any CPU.ActiveCfg = Debug|Any CPU
		{F648C281-EAFC-4A05-87A8-CE05110911DB}.Debug|Any CPU.Build.0 = Debug|Any CPU
		{F648C281-EAFC-4A05-87A8-CE05110911DB}.Release|Any CPU.ActiveCfg = Release|Any CPU
		{F648C281-EAFC-4A05-87A8-CE05110911DB}.Release|Any CPU.Build.0 = Release|Any CPU
	EndGlobalSection
	GlobalSection(SolutionProperties) = preSolution
		HideSolutionNode = FALSE
	EndGlobalSection
	GlobalSection(ExtensibilityGlobals) = postSolution
		SolutionGuid = {A504EE5B-265B-4F24-890F-A7E21DE6F37B}
	EndGlobalSection
EndGlobal
