
Microsoft Visual Studio Solution File, Format Version 12.00
# Visual Studio Version 16
VisualStudioVersion = 16.0.29920.165
MinimumVisualStudioVersion = 10.0.40219.1
Project("{FAE04EC0-301F-11D3-BF4B-00C04F79EFBC}") = "FunWithConfiguration", "FunWithConfiguration\FunWithConfiguration.csproj", "{9705B535-6AEB-44B7-B2DD-D9E97DBAE92A}"
EndProject
Global
	GlobalSection(SolutionConfigurationPlatforms) = preSolution
		Debug|Any CPU = Debug|Any CPU
		Release|Any CPU = Release|Any CPU
	EndGlobalSection
	GlobalSection(ProjectConfigurationPlatforms) = postSolution
		{9705B535-6AEB-44B7-B2DD-D9E97DBAE92A}.Debug|Any CPU.ActiveCfg = Debug|Any CPU
		{9705B535-6AEB-44B7-B2DD-D9E97DBAE92A}.Debug|Any CPU.Build.0 = Debug|Any CPU
		{9705B535-6AEB-44B7-B2DD-D9E97DBAE92A}.Release|Any CPU.ActiveCfg = Release|Any CPU
		{9705B535-6AEB-44B7-B2DD-D9E97DBAE92A}.Release|Any CPU.Build.0 = Release|Any CPU
	EndGlobalSection
	GlobalSection(SolutionProperties) = preSolution
		HideSolutionNode = FALSE
	EndGlobalSection
	GlobalSection(ExtensibilityGlobals) = postSolution
		SolutionGuid = {9F05B1EC-021B-4F09-B208-B838FDC67AE0}
	EndGlobalSection
EndGlobal
