
Microsoft Visual Studio Solution File, Format Version 12.00
# Visual Studio Version 16
VisualStudioVersion = 16.0.29613.14
MinimumVisualStudioVersion = 10.0.40219.1
Project("{FAE04EC0-301F-11D3-BF4B-00C04F79EFBC}") = "CustomGenericMethods", "CustomGenericMethods\CustomGenericMethods.csproj", "{38557848-B373-4F23-BEEA-E4C7A2733A6E}"
EndProject
Global
	GlobalSection(SolutionConfigurationPlatforms) = preSolution
		Debug|Any CPU = Debug|Any CPU
		Release|Any CPU = Release|Any CPU
	EndGlobalSection
	GlobalSection(ProjectConfigurationPlatforms) = postSolution
		{38557848-B373-4F23-BEEA-E4C7A2733A6E}.Debug|Any CPU.ActiveCfg = Debug|Any CPU
		{38557848-B373-4F23-BEEA-E4C7A2733A6E}.Debug|Any CPU.Build.0 = Debug|Any CPU
		{38557848-B373-4F23-BEEA-E4C7A2733A6E}.Release|Any CPU.ActiveCfg = Release|Any CPU
		{38557848-B373-4F23-BEEA-E4C7A2733A6E}.Release|Any CPU.Build.0 = Release|Any CPU
	EndGlobalSection
	GlobalSection(SolutionProperties) = preSolution
		HideSolutionNode = FALSE
	EndGlobalSection
	GlobalSection(ExtensibilityGlobals) = postSolution
		SolutionGuid = {8BBBC73A-8E0C-480C-BEE0-6CF5EFDFEDCC}
	EndGlobalSection
EndGlobal
