
Microsoft Visual Studio Solution File, Format Version 12.00
# Visual Studio Version 16
VisualStudioVersion = 16.0.29519.161
MinimumVisualStudioVersion = 10.0.40219.1
Project("{FAE04EC0-301F-11D3-BF4B-00C04F79EFBC}") = "ComparableCar", "ComparableCar\ComparableCar.csproj", "{FBC1527B-5F86-4B14-9B8A-727F0FC34AB7}"
EndProject
Global
	GlobalSection(SolutionConfigurationPlatforms) = preSolution
		Debug|Any CPU = Debug|Any CPU
		Release|Any CPU = Release|Any CPU
	EndGlobalSection
	GlobalSection(ProjectConfigurationPlatforms) = postSolution
		{FBC1527B-5F86-4B14-9B8A-727F0FC34AB7}.Debug|Any CPU.ActiveCfg = Debug|Any CPU
		{FBC1527B-5F86-4B14-9B8A-727F0FC34AB7}.Debug|Any CPU.Build.0 = Debug|Any CPU
		{FBC1527B-5F86-4B14-9B8A-727F0FC34AB7}.Release|Any CPU.ActiveCfg = Release|Any CPU
		{FBC1527B-5F86-4B14-9B8A-727F0FC34AB7}.Release|Any CPU.Build.0 = Release|Any CPU
	EndGlobalSection
	GlobalSection(SolutionProperties) = preSolution
		HideSolutionNode = FALSE
	EndGlobalSection
	GlobalSection(ExtensibilityGlobals) = postSolution
		SolutionGuid = {2FDBCACC-736E-4A27-BAEC-2CA5EF5A6FA6}
	EndGlobalSection
EndGlobal
