
Microsoft Visual Studio Solution File, Format Version 12.00
# Visual Studio Version 16
VisualStudioVersion = 16.0.29411.138
MinimumVisualStudioVersion = 10.0.40219.1
Project("{FAE04EC0-301F-11D3-BF4B-00C04F79EFBC}") = "BasicConsoleIO", "BasicConsoleIO\BasicConsoleIO.csproj", "{D13D133A-E145-4983-A3AC-0170AD4DEC5E}"
EndProject
Global
	GlobalSection(SolutionConfigurationPlatforms) = preSolution
		Debug|Any CPU = Debug|Any CPU
		Release|Any CPU = Release|Any CPU
	EndGlobalSection
	GlobalSection(ProjectConfigurationPlatforms) = postSolution
		{D13D133A-E145-4983-A3AC-0170AD4DEC5E}.Debug|Any CPU.ActiveCfg = Debug|Any CPU
		{D13D133A-E145-4983-A3AC-0170AD4DEC5E}.Debug|Any CPU.Build.0 = Debug|Any CPU
		{D13D133A-E145-4983-A3AC-0170AD4DEC5E}.Release|Any CPU.ActiveCfg = Release|Any CPU
		{D13D133A-E145-4983-A3AC-0170AD4DEC5E}.Release|Any CPU.Build.0 = Release|Any CPU
	EndGlobalSection
	GlobalSection(SolutionProperties) = preSolution
		HideSolutionNode = FALSE
	EndGlobalSection
	GlobalSection(ExtensibilityGlobals) = postSolution
		SolutionGuid = {AC2C648D-5DDF-40B2-8CC2-931272FDEA4A}
	EndGlobalSection
EndGlobal
